// !$*UTF8*$!
{
	archiveVersion = 1;
	classes = {
	};
	objectVersion = 55;
	objects = {

/* Begin PBXBuildFile section */
		4301C82826AE8DE500C08E19 /* Crypto in Frameworks */ = {isa = PBXBuildFile; productRef = 4301C82726AE8DE500C08E19 /* Crypto */; };
		4301C82B26AE8E0400C08E19 /* NIOSSH in Frameworks */ = {isa = PBXBuildFile; productRef = 4301C82A26AE8E0400C08E19 /* NIOSSH */; };
		4301C82F26B0EEB800C08E19 /* Stopwatch.swift in Sources */ = {isa = PBXBuildFile; fileRef = 4301C82E26B0EEB800C08E19 /* Stopwatch.swift */; };
		4301C84226BA85C700C08E19 /* SSHTunnelTests.swift in Sources */ = {isa = PBXBuildFile; fileRef = 4301C84126BA85C700C08E19 /* SSHTunnelTests.swift */; };
		4301C84526BBE68400C08E19 /* SSHAuthentication.swift in Sources */ = {isa = PBXBuildFile; fileRef = 4301C84426BBE68400C08E19 /* SSHAuthentication.swift */; };
		4301C86426BBF62600C08E19 /* SSHRediStackClient.swift in Sources */ = {isa = PBXBuildFile; fileRef = 4301C86326BBF62600C08E19 /* SSHRediStackClient.swift */; };
		4301C86626BBF86E00C08E19 /* SSHForward.swift in Sources */ = {isa = PBXBuildFile; fileRef = 4301C86526BBF86E00C08E19 /* SSHForward.swift */; };
		4301C86826BBFE8800C08E19 /* SSHRedisModel.swift in Sources */ = {isa = PBXBuildFile; fileRef = 4301C86726BBFE8800C08E19 /* SSHRedisModel.swift */; };
		430A09D325BEA91700B60DFC /* LoginView.swift in Sources */ = {isa = PBXBuildFile; fileRef = 430A09D225BEA91700B60DFC /* LoginView.swift */; };
		430A09D625BEA98300B60DFC /* RedisListView.swift in Sources */ = {isa = PBXBuildFile; fileRef = 430A09D525BEA98300B60DFC /* RedisListView.swift */; };
		430A09D925BEA9A700B60DFC /* RedisRow.swift in Sources */ = {isa = PBXBuildFile; fileRef = 430A09D825BEA9A700B60DFC /* RedisRow.swift */; };
		430A09DC25BEAD2700B60DFC /* RedisInsanceModel.swift in Sources */ = {isa = PBXBuildFile; fileRef = 430A09DB25BEAD2700B60DFC /* RedisInsanceModel.swift */; };
		430A09E225C1559400B60DFC /* FormLabel.swift in Sources */ = {isa = PBXBuildFile; fileRef = 430A09E125C1559400B60DFC /* FormLabel.swift */; };
		430A09E625C155F800B60DFC /* FormItemText.swift in Sources */ = {isa = PBXBuildFile; fileRef = 430A09E525C155F800B60DFC /* FormItemText.swift */; };
		431266C82617080D00FB6B69 /* RedisQuickRow.swift in Sources */ = {isa = PBXBuildFile; fileRef = 431266C72617080D00FB6B69 /* RedisQuickRow.swift */; };
		431266CC261C450300FB6B69 /* Tag.swift in Sources */ = {isa = PBXBuildFile; fileRef = 431266CB261C450300FB6B69 /* Tag.swift */; };
		431266CF261C4E0900FB6B69 /* RedisKeySearchRowView.swift in Sources */ = {isa = PBXBuildFile; fileRef = 431266CE261C4E0900FB6B69 /* RedisKeySearchRowView.swift */; };
		431266D5261C5C9000FB6B69 /* ButtonTypeEnum.swift in Sources */ = {isa = PBXBuildFile; fileRef = 431266D4261C5C9000FB6B69 /* ButtonTypeEnum.swift */; };
		431266D8261C66E100FB6B69 /* MTheme.swift in Sources */ = {isa = PBXBuildFile; fileRef = 431266D7261C66E100FB6B69 /* MTheme.swift */; };
		431266DE261D45C500FB6B69 /* MIcon.swift in Sources */ = {isa = PBXBuildFile; fileRef = 431266DD261D45C500FB6B69 /* MIcon.swift */; };
		431266E5261D4E2700FB6B69 /* RedisValueView.swift in Sources */ = {isa = PBXBuildFile; fileRef = 431266E4261D4E2700FB6B69 /* RedisValueView.swift */; };
		431266E8261D4E4100FB6B69 /* RedisValueHeaderView.swift in Sources */ = {isa = PBXBuildFile; fileRef = 431266E7261D4E4100FB6B69 /* RedisValueHeaderView.swift */; };
		431266EB261D4EED00FB6B69 /* RedisKeyValueModel.swift in Sources */ = {isa = PBXBuildFile; fileRef = 431266EA261D4EED00FB6B69 /* RedisKeyValueModel.swift */; };
		431266EE261D517500FB6B69 /* RedisKeyTypePicker.swift in Sources */ = {isa = PBXBuildFile; fileRef = 431266ED261D517500FB6B69 /* RedisKeyTypePicker.swift */; };
		431266F2261D89E600FB6B69 /* RedisValueEditView.swift in Sources */ = {isa = PBXBuildFile; fileRef = 431266F1261D89E600FB6B69 /* RedisValueEditView.swift */; };
		431266F5261D912500FB6B69 /* StringEditorView.swift in Sources */ = {isa = PBXBuildFile; fileRef = 431266F4261D912500FB6B69 /* StringEditorView.swift */; };
		4313576B263AB6400077EE46 /* FormItemTextArea.swift in Sources */ = {isa = PBXBuildFile; fileRef = 4313576A263AB6400077EE46 /* FormItemTextArea.swift */; };
		4313576D263AB6A20077EE46 /* MTextEditor.swift in Sources */ = {isa = PBXBuildFile; fileRef = 4313576C263AB6A20077EE46 /* MTextEditor.swift */; };
		4313576F263ABB1C0077EE46 /* FormWrapper.swift in Sources */ = {isa = PBXBuildFile; fileRef = 4313576E263ABB1C0077EE46 /* FormWrapper.swift */; };
		43135771263BB1560077EE46 /* ListEditorView.swift in Sources */ = {isa = PBXBuildFile; fileRef = 43135770263BB1560077EE46 /* ListEditorView.swift */; };
		4314A33E2624370E00053FEE /* SearchBar.swift in Sources */ = {isa = PBXBuildFile; fileRef = 4314A33D2624370E00053FEE /* SearchBar.swift */; };
		4314A34126243ED500053FEE /* PageBar.swift in Sources */ = {isa = PBXBuildFile; fileRef = 4314A34026243ED500053FEE /* PageBar.swift */; };
		4314A344262546DF00053FEE /* Extensions.swift in Sources */ = {isa = PBXBuildFile; fileRef = 4314A343262546DF00053FEE /* Extensions.swift */; };
		4314A3472625484100053FEE /* MTextField.swift in Sources */ = {isa = PBXBuildFile; fileRef = 4314A3462625484100053FEE /* MTextField.swift */; };
		4314A34C26258A4300053FEE /* Page.swift in Sources */ = {isa = PBXBuildFile; fileRef = 4314A34B26258A4300053FEE /* Page.swift */; };
		4314A34F2625B46E00053FEE /* RediStackClient.swift in Sources */ = {isa = PBXBuildFile; fileRef = 4314A34E2625B46E00053FEE /* RediStackClient.swift */; };
		4314A3642626B98700053FEE /* AlertContext.swift in Sources */ = {isa = PBXBuildFile; fileRef = 4314A3632626B98700053FEE /* AlertContext.swift */; };
		431FD83F26BD160800151934 /* RedisConnectionTypeEnum.swift in Sources */ = {isa = PBXBuildFile; fileRef = 431FD83E26BD160800151934 /* RedisConnectionTypeEnum.swift */; };
		431FD84326BD2F1200151934 /* CHANGELOG.md in Resources */ = {isa = PBXBuildFile; fileRef = 431FD84226BD2F1200151934 /* CHANGELOG.md */; };
		4320AAF425B6740900A8E214 /* redis_proApp.swift in Sources */ = {isa = PBXBuildFile; fileRef = 4320AAF325B6740900A8E214 /* redis_proApp.swift */; };
		4320AAF825B6740A00A8E214 /* Assets.xcassets in Resources */ = {isa = PBXBuildFile; fileRef = 4320AAF725B6740A00A8E214 /* Assets.xcassets */; };
		4320AAFB25B6740A00A8E214 /* Preview Assets.xcassets in Resources */ = {isa = PBXBuildFile; fileRef = 4320AAFA25B6740A00A8E214 /* Preview Assets.xcassets */; };
		432A6ADD26A6B7FA00F6DB64 /* SecureTextField.swift in Sources */ = {isa = PBXBuildFile; fileRef = 432A6ADC26A6B7FA00F6DB64 /* SecureTextField.swift */; };
		432A6ADF26A7C3D200F6DB64 /* RedisConfigView.swift in Sources */ = {isa = PBXBuildFile; fileRef = 432A6ADE26A7C3D200F6DB64 /* RedisConfigView.swift */; };
		432A6AE126A7C43300F6DB64 /* RedisConfigTableController.swift in Sources */ = {isa = PBXBuildFile; fileRef = 432A6AE026A7C43300F6DB64 /* RedisConfigTableController.swift */; };
		432A6AE326A7C44000F6DB64 /* RedisConfigTableController.xib in Resources */ = {isa = PBXBuildFile; fileRef = 432A6AE226A7C44000F6DB64 /* RedisConfigTableController.xib */; };
		432A6AE526A7C4D900F6DB64 /* RedisConfigItemModel.swift in Sources */ = {isa = PBXBuildFile; fileRef = 432A6AE426A7C4D900F6DB64 /* RedisConfigItemModel.swift */; };
		432A6AE726A7CE9C00F6DB64 /* NumberTests.swift in Sources */ = {isa = PBXBuildFile; fileRef = 432A6AE626A7CE9C00F6DB64 /* NumberTests.swift */; };
		434047FA2611C828001519F9 /* RedisFavoriteModel.swift in Sources */ = {isa = PBXBuildFile; fileRef = 434047F92611C828001519F9 /* RedisFavoriteModel.swift */; };
		4340E2BD2666236200F51F19 /* redisProTests.swift in Sources */ = {isa = PBXBuildFile; fileRef = 4340E2BC2666236200F51F19 /* redisProTests.swift */; };
		4340E2C52666239F00F51F19 /* JsonPrettyFormatTests.swift in Sources */ = {isa = PBXBuildFile; fileRef = 4340E2C42666239F00F51F19 /* JsonPrettyFormatTests.swift */; };
		4340E2C82666257500F51F19 /* SwiftyJSON in Frameworks */ = {isa = PBXBuildFile; productRef = 4340E2C72666257500F51F19 /* SwiftyJSON */; };
		4340E2CA2666494300F51F19 /* ScanModel.swift in Sources */ = {isa = PBXBuildFile; fileRef = 4340E2C92666494300F51F19 /* ScanModel.swift */; };
		4340E2CC266649D000F51F19 /* ScanBar.swift in Sources */ = {isa = PBXBuildFile; fileRef = 4340E2CB266649D000F51F19 /* ScanBar.swift */; };
		4340E2CE266660FE00F51F19 /* PromiseExt.swift in Sources */ = {isa = PBXBuildFile; fileRef = 4340E2CD266660FE00F51F19 /* PromiseExt.swift */; };
		43481049262D30CE002809ED /* Helps.swift in Sources */ = {isa = PBXBuildFile; fileRef = 43481048262D30CE002809ED /* Helps.swift */; };
		436BB68726440584008B4866 /* CoreMetrics in Frameworks */ = {isa = PBXBuildFile; productRef = 436BB68626440584008B4866 /* CoreMetrics */; };
		436BB68926440584008B4866 /* Metrics in Frameworks */ = {isa = PBXBuildFile; productRef = 436BB68826440584008B4866 /* Metrics */; };
		436BB6932644D126008B4866 /* SetEditorView.swift in Sources */ = {isa = PBXBuildFile; fileRef = 436BB6922644D126008B4866 /* SetEditorView.swift */; };
		436BB6952644E8D6008B4866 /* ZSetEditorView.swift in Sources */ = {isa = PBXBuildFile; fileRef = 436BB6942644E8D6008B4866 /* ZSetEditorView.swift */; };
		436BB6972644EED8008B4866 /* FormItemNumber.swift in Sources */ = {isa = PBXBuildFile; fileRef = 436BB6962644EED8008B4866 /* FormItemNumber.swift */; };
		4370534E262812EE00D8F1B7 /* GlobalContext.swift in Sources */ = {isa = PBXBuildFile; fileRef = 4370534D262812EE00D8F1B7 /* GlobalContext.swift */; };
		4370CE682685B07D001E5787 /* ClientListTableController.swift in Sources */ = {isa = PBXBuildFile; fileRef = 4370CE672685B07D001E5787 /* ClientListTableController.swift */; };
		4370CE6A2685B0B7001E5787 /* ClientListTableController.xib in Resources */ = {isa = PBXBuildFile; fileRef = 4370CE692685B0B7001E5787 /* ClientListTableController.xib */; };
		4370CE6E2685BC05001E5787 /* ClientListDemo.swift in Sources */ = {isa = PBXBuildFile; fileRef = 4370CE6D2685BC05001E5787 /* ClientListDemo.swift */; };
		4370CE702685C4B2001E5787 /* ClientListTable.swift in Sources */ = {isa = PBXBuildFile; fileRef = 4370CE6F2685C4B2001E5787 /* ClientListTable.swift */; };
		4373C4FE25C2DEC8002B700E /* MButton.swift in Sources */ = {isa = PBXBuildFile; fileRef = 4373C4FD25C2DEC8002B700E /* MButton.swift */; };
		4373C50125C2E75B002B700E /* BizError.swift in Sources */ = {isa = PBXBuildFile; fileRef = 4373C50025C2E75B002B700E /* BizError.swift */; };
		4373C50525C3F0B6002B700E /* UserDefaultsKeysEnum.swift in Sources */ = {isa = PBXBuildFile; fileRef = 4373C50425C3F0B6002B700E /* UserDefaultsKeysEnum.swift */; };
		4373C50925C3F218002B700E /* RedisModel.swift in Sources */ = {isa = PBXBuildFile; fileRef = 4373C50825C3F218002B700E /* RedisModel.swift */; };
		4373C50C25C3FC81002B700E /* LoginForm.swift in Sources */ = {isa = PBXBuildFile; fileRef = 4373C50B25C3FC81002B700E /* LoginForm.swift */; };
		437BC2452645272E00E2C84D /* DoubleFormatter.swift in Sources */ = {isa = PBXBuildFile; fileRef = 437BC2442645272E00E2C84D /* DoubleFormatter.swift */; };
		437BC24726452AE400E2C84D /* StringFormatter.swift in Sources */ = {isa = PBXBuildFile; fileRef = 437BC24626452AE400E2C84D /* StringFormatter.swift */; };
		437BC2492645413000E2C84D /* MDoubleField.swift in Sources */ = {isa = PBXBuildFile; fileRef = 437BC2482645413000E2C84D /* MDoubleField.swift */; };
		437BC24E26461E2100E2C84D /* NumberHelper.swift in Sources */ = {isa = PBXBuildFile; fileRef = 437BC24D26461E2100E2C84D /* NumberHelper.swift */; };
		437BC25126467A3D00E2C84D /* SidebarFooter.swift in Sources */ = {isa = PBXBuildFile; fileRef = 437BC25026467A3D00E2C84D /* SidebarFooter.swift */; };
		437C09352649039000F1904C /* DatabasePicker.swift in Sources */ = {isa = PBXBuildFile; fileRef = 437C09342649039000F1904C /* DatabasePicker.swift */; };
		437C0937264952B300F1904C /* MTabView.swift in Sources */ = {isa = PBXBuildFile; fileRef = 437C0936264952B300F1904C /* MTabView.swift */; };
		4382203E265668CC00DA7F9E /* MLoading.swift in Sources */ = {isa = PBXBuildFile; fileRef = 4382203D265668CC00DA7F9E /* MLoading.swift */; };
		4382204026574E3F00DA7F9E /* MSpin.swift in Sources */ = {isa = PBXBuildFile; fileRef = 4382203F26574E3F00DA7F9E /* MSpin.swift */; };
		43822042265763D400DA7F9E /* RedisProCommands.swift in Sources */ = {isa = PBXBuildFile; fileRef = 43822041265763D400DA7F9E /* RedisProCommands.swift */; };
		4385D32E261ED26200BA8ED1 /* IndexView.swift in Sources */ = {isa = PBXBuildFile; fileRef = 4385D32D261ED26200BA8ED1 /* IndexView.swift */; };
		438BBEB52655015D00B458BF /* CrashReporter in Frameworks */ = {isa = PBXBuildFile; productRef = 438BBEB42655015D00B458BF /* CrashReporter */; };
		43915809268075490019D2D0 /* Demo.swift in Sources */ = {isa = PBXBuildFile; fileRef = 43915808268075490019D2D0 /* Demo.swift */; };
		4397288C2643E43800803BE9 /* Constants.swift in Sources */ = {isa = PBXBuildFile; fileRef = 4397288B2643E43800803BE9 /* Constants.swift */; };
		43BB012326390BC20039565E /* ModalView.swift in Sources */ = {isa = PBXBuildFile; fileRef = 43BB012226390BC20039565E /* ModalView.swift */; };
		43BCCD3326A90C1E000BE45F /* Demo.xib in Resources */ = {isa = PBXBuildFile; fileRef = 43BCCD3226A90C1E000BE45F /* Demo.xib */; };
		43BCCD3526A919B8000BE45F /* MSecureField.swift in Sources */ = {isa = PBXBuildFile; fileRef = 43BCCD3426A919B8000BE45F /* MSecureField.swift */; };
		43BCCD3726A91E85000BE45F /* FormItemSecure.swift in Sources */ = {isa = PBXBuildFile; fileRef = 43BCCD3626A91E85000BE45F /* FormItemSecure.swift */; };
		43CD286A2670933F00E11876 /* CheckUpdateTests.swift in Sources */ = {isa = PBXBuildFile; fileRef = 43CD28692670933F00E11876 /* CheckUpdateTests.swift */; };
		43CD286E2670A03800E11876 /* VersionManager.swift in Sources */ = {isa = PBXBuildFile; fileRef = 43CD286D2670A03800E11876 /* VersionManager.swift */; };
		43CD28712670C3DD00E11876 /* ColorSchemeEnum.swift in Sources */ = {isa = PBXBuildFile; fileRef = 43CD28702670C3DD00E11876 /* ColorSchemeEnum.swift */; };
		43CD28742670E8BE00E11876 /* SettingsView.swift in Sources */ = {isa = PBXBuildFile; fileRef = 43CD28732670E8BE00E11876 /* SettingsView.swift */; };
		43CD28782671FA2A00E11876 /* RedisInfoModel.swift in Sources */ = {isa = PBXBuildFile; fileRef = 43CD28772671FA2A00E11876 /* RedisInfoModel.swift */; };
		43CD287A267209D900E11876 /* RedisInfoView.swift in Sources */ = {isa = PBXBuildFile; fileRef = 43CD2879267209D900E11876 /* RedisInfoView.swift */; };
		43CD289E26732F4C00E11876 /* Localizable.strings in Resources */ = {isa = PBXBuildFile; fileRef = 43CD28A026732F4C00E11876 /* Localizable.strings */; };
		43CD28AA267B64FA00E11876 /* Puppy in Frameworks */ = {isa = PBXBuildFile; productRef = 43CD28A9267B64FA00E11876 /* Puppy */; };
		43CD28AC267B67C600E11876 /* PuppyLogger.swift in Sources */ = {isa = PBXBuildFile; fileRef = 43CD28AB267B67C600E11876 /* PuppyLogger.swift */; };
		43CD28AE267B6E0E00E11876 /* LoggerFactory.swift in Sources */ = {isa = PBXBuildFile; fileRef = 43CD28AD267B6E0E00E11876 /* LoggerFactory.swift */; };
		43CD28B0267C6A9D00E11876 /* MainViewTypeEnum.swift in Sources */ = {isa = PBXBuildFile; fileRef = 43CD28AF267C6A9D00E11876 /* MainViewTypeEnum.swift */; };
		43CD28B2267C6D0800E11876 /* ClientsListView.swift in Sources */ = {isa = PBXBuildFile; fileRef = 43CD28B1267C6D0800E11876 /* ClientsListView.swift */; };
		43CD28B4267C6F1100E11876 /* ClientModel.swift in Sources */ = {isa = PBXBuildFile; fileRef = 43CD28B3267C6F1100E11876 /* ClientModel.swift */; };
		43CD28B6267C7CF400E11876 /* Objects.swift in Sources */ = {isa = PBXBuildFile; fileRef = 43CD28B5267C7CF400E11876 /* Objects.swift */; };
		43DFEF3725C29288006EF535 /* FormItemInt.swift in Sources */ = {isa = PBXBuildFile; fileRef = 43DFEF3625C29288006EF535 /* FormItemInt.swift */; };
		43EADB052620043F003B8310 /* HashEditorView.swift in Sources */ = {isa = PBXBuildFile; fileRef = 43EADB042620043F003B8310 /* HashEditorView.swift */; };
		43EADB0826200540003B8310 /* IconButton.swift in Sources */ = {isa = PBXBuildFile; fileRef = 43EADB0726200540003B8310 /* IconButton.swift */; };
		43F22ED32697FC0100A00F97 /* RedisKeysTableController.xib in Resources */ = {isa = PBXBuildFile; fileRef = 43F22ED22697FC0100A00F97 /* RedisKeysTableController.xib */; };
		43F22ED52697FC1900A00F97 /* RedisKeysTableController.swift in Sources */ = {isa = PBXBuildFile; fileRef = 43F22ED42697FC1900A00F97 /* RedisKeysTableController.swift */; };
		43F22ED72697FC4B00A00F97 /* RedisKeysTable.swift in Sources */ = {isa = PBXBuildFile; fileRef = 43F22ED62697FC4B00A00F97 /* RedisKeysTable.swift */; };
		43F22ED92697FC5800A00F97 /* RedisKeysTableDemo.swift in Sources */ = {isa = PBXBuildFile; fileRef = 43F22ED82697FC5800A00F97 /* RedisKeysTableDemo.swift */; };
		43F22EDB269BE69200A00F97 /* RedisListTableController.xib in Resources */ = {isa = PBXBuildFile; fileRef = 43F22EDA269BE69200A00F97 /* RedisListTableController.xib */; };
		43F22EDD269BE6A800A00F97 /* RedisListTableController.swift in Sources */ = {isa = PBXBuildFile; fileRef = 43F22EDC269BE6A800A00F97 /* RedisListTableController.swift */; };
		43F22EDF269BEB6800A00F97 /* RedisListTableDemo.swift in Sources */ = {isa = PBXBuildFile; fileRef = 43F22EDE269BEB6800A00F97 /* RedisListTableDemo.swift */; };
		43F22EE3269C2D6600A00F97 /* TextViewController.xib in Resources */ = {isa = PBXBuildFile; fileRef = 43F22EE2269C2D6600A00F97 /* TextViewController.xib */; };
		43F22EE5269C2E0900A00F97 /* TextViewController.swift in Sources */ = {isa = PBXBuildFile; fileRef = 43F22EE4269C2E0900A00F97 /* TextViewController.swift */; };
		43F22EE9269E7F9500A00F97 /* README.zh_CN.md in Resources */ = {isa = PBXBuildFile; fileRef = 43F22EE8269E7F9500A00F97 /* README.zh_CN.md */; };
		43F22EEB269EC11E00A00F97 /* MAlert.swift in Sources */ = {isa = PBXBuildFile; fileRef = 43F22EEA269EC11E00A00F97 /* MAlert.swift */; };
		43F22EED269ED9D500A00F97 /* SlowLogView.swift in Sources */ = {isa = PBXBuildFile; fileRef = 43F22EEC269ED9D500A00F97 /* SlowLogView.swift */; };
		43F22EEF269EDF7B00A00F97 /* SlowLogModel.swift in Sources */ = {isa = PBXBuildFile; fileRef = 43F22EEE269EDF7B00A00F97 /* SlowLogModel.swift */; };
		43F22EF1269EE02500A00F97 /* SlowLogTableController.xib in Resources */ = {isa = PBXBuildFile; fileRef = 43F22EF0269EE02500A00F97 /* SlowLogTableController.xib */; };
		43F22EF3269EE03400A00F97 /* SlowLogTableController.swift in Sources */ = {isa = PBXBuildFile; fileRef = 43F22EF2269EE03400A00F97 /* SlowLogTableController.swift */; };
		43F22EF5269FCE6000A00F97 /* DateHelper.swift in Sources */ = {isa = PBXBuildFile; fileRef = 43F22EF4269FCE6000A00F97 /* DateHelper.swift */; };
		43F22EF926A01ECB00A00F97 /* MNSTextField.swift in Sources */ = {isa = PBXBuildFile; fileRef = 43F22EF826A01ECB00A00F97 /* MNSTextField.swift */; };
		43F22EFD26A127CF00A00F97 /* HashEntryTableController.swift in Sources */ = {isa = PBXBuildFile; fileRef = 43F22EFC26A127CF00A00F97 /* HashEntryTableController.swift */; };
		43F22EFF26A129B300A00F97 /* RedisHashEntryModel.swift in Sources */ = {isa = PBXBuildFile; fileRef = 43F22EFE26A129B300A00F97 /* RedisHashEntryModel.swift */; };
		43F22F0126A1336700A00F97 /* HashEntryTableController.xib in Resources */ = {isa = PBXBuildFile; fileRef = 43F22F0026A1336700A00F97 /* HashEntryTableController.xib */; };
		43F22F0726A1455D00A00F97 /* ListTableController.swift in Sources */ = {isa = PBXBuildFile; fileRef = 43F22F0626A1455D00A00F97 /* ListTableController.swift */; };
		43F22F0926A1456800A00F97 /* ListTableController.xib in Resources */ = {isa = PBXBuildFile; fileRef = 43F22F0826A1456800A00F97 /* ListTableController.xib */; };
		43F22F0B26A159B900A00F97 /* RedisZSetItemModel.swift in Sources */ = {isa = PBXBuildFile; fileRef = 43F22F0A26A159B900A00F97 /* RedisZSetItemModel.swift */; };
		43F22F0D26A15AD700A00F97 /* ZSetTableController.swift in Sources */ = {isa = PBXBuildFile; fileRef = 43F22F0C26A15AD700A00F97 /* ZSetTableController.swift */; };
		43F22F0F26A15AE700A00F97 /* ZSetTableController.xib in Resources */ = {isa = PBXBuildFile; fileRef = 43F22F0E26A15AE700A00F97 /* ZSetTableController.xib */; };
		43F22F1126A1603F00A00F97 /* StringHelper.swift in Sources */ = {isa = PBXBuildFile; fileRef = 43F22F1026A1603F00A00F97 /* StringHelper.swift */; };
		43F22F1326A5546000A00F97 /* RedisInfoItemModel.swift in Sources */ = {isa = PBXBuildFile; fileRef = 43F22F1226A5546000A00F97 /* RedisInfoItemModel.swift */; };
		43F22F1526A5583D00A00F97 /* RedisInfoTableController.swift in Sources */ = {isa = PBXBuildFile; fileRef = 43F22F1426A5583D00A00F97 /* RedisInfoTableController.swift */; };
		43F22F1726A5584C00A00F97 /* RedisInfoTableController.xib in Resources */ = {isa = PBXBuildFile; fileRef = 43F22F1626A5584C00A00F97 /* RedisInfoTableController.xib */; };
		43F22F1926A6690600A00F97 /* MLabel.swift in Sources */ = {isa = PBXBuildFile; fileRef = 43F22F1826A6690600A00F97 /* MLabel.swift */; };
		623704FA265A27970084CCA8 /* RediStack in Frameworks */ = {isa = PBXBuildFile; productRef = 623704F9265A27970084CCA8 /* RediStack */; };
		623704FC265A27970084CCA8 /* RedisTypes in Frameworks */ = {isa = PBXBuildFile; productRef = 623704FB265A27970084CCA8 /* RedisTypes */; };
		62C48935265A13BB00D68D06 /* ServiceDiscovery in Frameworks */ = {isa = PBXBuildFile; productRef = 62C48934265A13BB00D68D06 /* ServiceDiscovery */; };
		62CB3D722619AE050061E8C3 /* HomeView.swift in Sources */ = {isa = PBXBuildFile; fileRef = 62CB3D712619AE050061E8C3 /* HomeView.swift */; };
		62CB3D752619AEC20061E8C3 /* RedisKeysListView.swift in Sources */ = {isa = PBXBuildFile; fileRef = 62CB3D742619AEC20061E8C3 /* RedisKeysListView.swift */; };
		62CB3D792619AEEB0061E8C3 /* RedisKeyRowView.swift in Sources */ = {isa = PBXBuildFile; fileRef = 62CB3D782619AEEB0061E8C3 /* RedisKeyRowView.swift */; };
		62CB3D7D2619AF990061E8C3 /* RedisKeyModel.swift in Sources */ = {isa = PBXBuildFile; fileRef = 62CB3D7C2619AF990061E8C3 /* RedisKeyModel.swift */; };
		62CB3D802619B09B0061E8C3 /* RedisKeyTypeEnum.swift in Sources */ = {isa = PBXBuildFile; fileRef = 62CB3D7F2619B09B0061E8C3 /* RedisKeyTypeEnum.swift */; };
		CE14E2AA27561BE1004862F7 /* Logging in Frameworks */ = {isa = PBXBuildFile; productRef = CE14E2A927561BE1004862F7 /* Logging */; };
		CE83D51527563931000DF09D /* PromiseKit in Frameworks */ = {isa = PBXBuildFile; productRef = CE83D51427563931000DF09D /* PromiseKit */; };
		CE83D51827563C28000DF09D /* AppCenterAnalytics in Frameworks */ = {isa = PBXBuildFile; productRef = CE83D51727563C28000DF09D /* AppCenterAnalytics */; };
		CE83D51A27563C28000DF09D /* AppCenterCrashes in Frameworks */ = {isa = PBXBuildFile; productRef = CE83D51927563C28000DF09D /* AppCenterCrashes */; };
		CE83D51C2758E8D1000DF09D /* FocusableTextField.swift in Sources */ = {isa = PBXBuildFile; fileRef = CE83D51B2758E8D1000DF09D /* FocusableTextField.swift */; };
		CEB37531275618B900276E8C /* NIO in Frameworks */ = {isa = PBXBuildFile; productRef = CEB37530275618B900276E8C /* NIO */; };
		CEB37533275618B900276E8C /* NIOConcurrencyHelpers in Frameworks */ = {isa = PBXBuildFile; productRef = CEB37532275618B900276E8C /* NIOConcurrencyHelpers */; };
		CEB37535275618B900276E8C /* NIOCore in Frameworks */ = {isa = PBXBuildFile; productRef = CEB37534275618B900276E8C /* NIOCore */; };
		CEB37537275618B900276E8C /* NIOEmbedded in Frameworks */ = {isa = PBXBuildFile; productRef = CEB37536275618B900276E8C /* NIOEmbedded */; };
		CEB37539275618B900276E8C /* NIOFoundationCompat in Frameworks */ = {isa = PBXBuildFile; productRef = CEB37538275618B900276E8C /* NIOFoundationCompat */; };
		CEB3753B275618B900276E8C /* NIOHTTP1 in Frameworks */ = {isa = PBXBuildFile; productRef = CEB3753A275618B900276E8C /* NIOHTTP1 */; };
		CEB3753D275618B900276E8C /* NIOPosix in Frameworks */ = {isa = PBXBuildFile; productRef = CEB3753C275618B900276E8C /* NIOPosix */; };
		CEB3753F275618B900276E8C /* NIOTLS in Frameworks */ = {isa = PBXBuildFile; productRef = CEB3753E275618B900276E8C /* NIOTLS */; };
/* End PBXBuildFile section */

/* Begin PBXContainerItemProxy section */
		4340E2BF2666236200F51F19 /* PBXContainerItemProxy */ = {
			isa = PBXContainerItemProxy;
			containerPortal = 4320AAE825B6740900A8E214 /* Project object */;
			proxyType = 1;
			remoteGlobalIDString = 4320AAEF25B6740900A8E214;
			remoteInfo = "redis-pro";
		};
/* End PBXContainerItemProxy section */

/* Begin PBXFileReference section */
		4301C82E26B0EEB800C08E19 /* Stopwatch.swift */ = {isa = PBXFileReference; lastKnownFileType = sourcecode.swift; path = Stopwatch.swift; sourceTree = "<group>"; };
		4301C84126BA85C700C08E19 /* SSHTunnelTests.swift */ = {isa = PBXFileReference; lastKnownFileType = sourcecode.swift; path = SSHTunnelTests.swift; sourceTree = "<group>"; };
		4301C84426BBE68400C08E19 /* SSHAuthentication.swift */ = {isa = PBXFileReference; lastKnownFileType = sourcecode.swift; path = SSHAuthentication.swift; sourceTree = "<group>"; };
		4301C86326BBF62600C08E19 /* SSHRediStackClient.swift */ = {isa = PBXFileReference; lastKnownFileType = sourcecode.swift; path = SSHRediStackClient.swift; sourceTree = "<group>"; };
		4301C86526BBF86E00C08E19 /* SSHForward.swift */ = {isa = PBXFileReference; lastKnownFileType = sourcecode.swift; path = SSHForward.swift; sourceTree = "<group>"; };
		4301C86726BBFE8800C08E19 /* SSHRedisModel.swift */ = {isa = PBXFileReference; lastKnownFileType = sourcecode.swift; path = SSHRedisModel.swift; sourceTree = "<group>"; };
		430A09D225BEA91700B60DFC /* LoginView.swift */ = {isa = PBXFileReference; lastKnownFileType = sourcecode.swift; path = LoginView.swift; sourceTree = "<group>"; };
		430A09D525BEA98300B60DFC /* RedisListView.swift */ = {isa = PBXFileReference; lastKnownFileType = sourcecode.swift; path = RedisListView.swift; sourceTree = "<group>"; };
		430A09D825BEA9A700B60DFC /* RedisRow.swift */ = {isa = PBXFileReference; lastKnownFileType = sourcecode.swift; path = RedisRow.swift; sourceTree = "<group>"; };
		430A09DB25BEAD2700B60DFC /* RedisInsanceModel.swift */ = {isa = PBXFileReference; lastKnownFileType = sourcecode.swift; path = RedisInsanceModel.swift; sourceTree = "<group>"; };
		430A09E125C1559400B60DFC /* FormLabel.swift */ = {isa = PBXFileReference; lastKnownFileType = sourcecode.swift; path = FormLabel.swift; sourceTree = "<group>"; };
		430A09E525C155F800B60DFC /* FormItemText.swift */ = {isa = PBXFileReference; lastKnownFileType = sourcecode.swift; path = FormItemText.swift; sourceTree = "<group>"; };
		431266C72617080D00FB6B69 /* RedisQuickRow.swift */ = {isa = PBXFileReference; lastKnownFileType = sourcecode.swift; path = RedisQuickRow.swift; sourceTree = "<group>"; };
		431266CB261C450300FB6B69 /* Tag.swift */ = {isa = PBXFileReference; lastKnownFileType = sourcecode.swift; path = Tag.swift; sourceTree = "<group>"; };
		431266CE261C4E0900FB6B69 /* RedisKeySearchRowView.swift */ = {isa = PBXFileReference; lastKnownFileType = sourcecode.swift; path = RedisKeySearchRowView.swift; sourceTree = "<group>"; };
		431266D4261C5C9000FB6B69 /* ButtonTypeEnum.swift */ = {isa = PBXFileReference; lastKnownFileType = sourcecode.swift; path = ButtonTypeEnum.swift; sourceTree = "<group>"; };
		431266D7261C66E100FB6B69 /* MTheme.swift */ = {isa = PBXFileReference; lastKnownFileType = sourcecode.swift; path = MTheme.swift; sourceTree = "<group>"; };
		431266DD261D45C500FB6B69 /* MIcon.swift */ = {isa = PBXFileReference; lastKnownFileType = sourcecode.swift; path = MIcon.swift; sourceTree = "<group>"; };
		431266E4261D4E2700FB6B69 /* RedisValueView.swift */ = {isa = PBXFileReference; lastKnownFileType = sourcecode.swift; path = RedisValueView.swift; sourceTree = "<group>"; };
		431266E7261D4E4100FB6B69 /* RedisValueHeaderView.swift */ = {isa = PBXFileReference; lastKnownFileType = sourcecode.swift; path = RedisValueHeaderView.swift; sourceTree = "<group>"; };
		431266EA261D4EED00FB6B69 /* RedisKeyValueModel.swift */ = {isa = PBXFileReference; lastKnownFileType = sourcecode.swift; path = RedisKeyValueModel.swift; sourceTree = "<group>"; };
		431266ED261D517500FB6B69 /* RedisKeyTypePicker.swift */ = {isa = PBXFileReference; lastKnownFileType = sourcecode.swift; path = RedisKeyTypePicker.swift; sourceTree = "<group>"; };
		431266F1261D89E600FB6B69 /* RedisValueEditView.swift */ = {isa = PBXFileReference; lastKnownFileType = sourcecode.swift; path = RedisValueEditView.swift; sourceTree = "<group>"; };
		431266F4261D912500FB6B69 /* StringEditorView.swift */ = {isa = PBXFileReference; lastKnownFileType = sourcecode.swift; path = StringEditorView.swift; sourceTree = "<group>"; };
		4313576A263AB6400077EE46 /* FormItemTextArea.swift */ = {isa = PBXFileReference; lastKnownFileType = sourcecode.swift; path = FormItemTextArea.swift; sourceTree = "<group>"; };
		4313576C263AB6A20077EE46 /* MTextEditor.swift */ = {isa = PBXFileReference; lastKnownFileType = sourcecode.swift; path = MTextEditor.swift; sourceTree = "<group>"; };
		4313576E263ABB1C0077EE46 /* FormWrapper.swift */ = {isa = PBXFileReference; lastKnownFileType = sourcecode.swift; path = FormWrapper.swift; sourceTree = "<group>"; };
		43135770263BB1560077EE46 /* ListEditorView.swift */ = {isa = PBXFileReference; lastKnownFileType = sourcecode.swift; path = ListEditorView.swift; sourceTree = "<group>"; };
		4314A33D2624370E00053FEE /* SearchBar.swift */ = {isa = PBXFileReference; lastKnownFileType = sourcecode.swift; path = SearchBar.swift; sourceTree = "<group>"; };
		4314A34026243ED500053FEE /* PageBar.swift */ = {isa = PBXFileReference; lastKnownFileType = sourcecode.swift; path = PageBar.swift; sourceTree = "<group>"; };
		4314A343262546DF00053FEE /* Extensions.swift */ = {isa = PBXFileReference; lastKnownFileType = sourcecode.swift; path = Extensions.swift; sourceTree = "<group>"; };
		4314A3462625484100053FEE /* MTextField.swift */ = {isa = PBXFileReference; lastKnownFileType = sourcecode.swift; path = MTextField.swift; sourceTree = "<group>"; };
		4314A34B26258A4300053FEE /* Page.swift */ = {isa = PBXFileReference; lastKnownFileType = sourcecode.swift; path = Page.swift; sourceTree = "<group>"; };
		4314A34E2625B46E00053FEE /* RediStackClient.swift */ = {isa = PBXFileReference; lastKnownFileType = sourcecode.swift; path = RediStackClient.swift; sourceTree = "<group>"; };
		4314A3632626B98700053FEE /* AlertContext.swift */ = {isa = PBXFileReference; lastKnownFileType = sourcecode.swift; path = AlertContext.swift; sourceTree = "<group>"; };
		431FD83E26BD160800151934 /* RedisConnectionTypeEnum.swift */ = {isa = PBXFileReference; lastKnownFileType = sourcecode.swift; path = RedisConnectionTypeEnum.swift; sourceTree = "<group>"; };
		431FD84226BD2F1200151934 /* CHANGELOG.md */ = {isa = PBXFileReference; lastKnownFileType = net.daringfireball.markdown; path = CHANGELOG.md; sourceTree = "<group>"; };
		4320AAF025B6740900A8E214 /* redis-pro.app */ = {isa = PBXFileReference; explicitFileType = wrapper.application; includeInIndex = 0; path = "redis-pro.app"; sourceTree = BUILT_PRODUCTS_DIR; };
		4320AAF325B6740900A8E214 /* redis_proApp.swift */ = {isa = PBXFileReference; lastKnownFileType = sourcecode.swift; path = redis_proApp.swift; sourceTree = "<group>"; };
		4320AAF725B6740A00A8E214 /* Assets.xcassets */ = {isa = PBXFileReference; lastKnownFileType = folder.assetcatalog; path = Assets.xcassets; sourceTree = "<group>"; };
		4320AAFA25B6740A00A8E214 /* Preview Assets.xcassets */ = {isa = PBXFileReference; lastKnownFileType = folder.assetcatalog; path = "Preview Assets.xcassets"; sourceTree = "<group>"; };
		4320AAFC25B6740A00A8E214 /* Info.plist */ = {isa = PBXFileReference; lastKnownFileType = text.plist.xml; path = Info.plist; sourceTree = "<group>"; };
		4320AAFD25B6740A00A8E214 /* redis_pro.entitlements */ = {isa = PBXFileReference; lastKnownFileType = text.plist.entitlements; path = redis_pro.entitlements; sourceTree = "<group>"; };
		432A6ADC26A6B7FA00F6DB64 /* SecureTextField.swift */ = {isa = PBXFileReference; lastKnownFileType = sourcecode.swift; path = SecureTextField.swift; sourceTree = "<group>"; };
		432A6ADE26A7C3D200F6DB64 /* RedisConfigView.swift */ = {isa = PBXFileReference; lastKnownFileType = sourcecode.swift; path = RedisConfigView.swift; sourceTree = "<group>"; };
		432A6AE026A7C43300F6DB64 /* RedisConfigTableController.swift */ = {isa = PBXFileReference; lastKnownFileType = sourcecode.swift; path = RedisConfigTableController.swift; sourceTree = "<group>"; };
		432A6AE226A7C44000F6DB64 /* RedisConfigTableController.xib */ = {isa = PBXFileReference; lastKnownFileType = file.xib; path = RedisConfigTableController.xib; sourceTree = "<group>"; };
		432A6AE426A7C4D900F6DB64 /* RedisConfigItemModel.swift */ = {isa = PBXFileReference; lastKnownFileType = sourcecode.swift; path = RedisConfigItemModel.swift; sourceTree = "<group>"; };
		432A6AE626A7CE9C00F6DB64 /* NumberTests.swift */ = {isa = PBXFileReference; lastKnownFileType = sourcecode.swift; path = NumberTests.swift; sourceTree = "<group>"; };
		434047F92611C828001519F9 /* RedisFavoriteModel.swift */ = {isa = PBXFileReference; lastKnownFileType = sourcecode.swift; path = RedisFavoriteModel.swift; sourceTree = "<group>"; };
		4340E2BA2666236200F51F19 /* redisProTests.xctest */ = {isa = PBXFileReference; explicitFileType = wrapper.cfbundle; includeInIndex = 0; path = redisProTests.xctest; sourceTree = BUILT_PRODUCTS_DIR; };
		4340E2BC2666236200F51F19 /* redisProTests.swift */ = {isa = PBXFileReference; lastKnownFileType = sourcecode.swift; path = redisProTests.swift; sourceTree = "<group>"; };
		4340E2BE2666236200F51F19 /* Info.plist */ = {isa = PBXFileReference; lastKnownFileType = text.plist.xml; path = Info.plist; sourceTree = "<group>"; };
		4340E2C42666239F00F51F19 /* JsonPrettyFormatTests.swift */ = {isa = PBXFileReference; lastKnownFileType = sourcecode.swift; path = JsonPrettyFormatTests.swift; sourceTree = "<group>"; };
		4340E2C92666494300F51F19 /* ScanModel.swift */ = {isa = PBXFileReference; lastKnownFileType = sourcecode.swift; path = ScanModel.swift; sourceTree = "<group>"; };
		4340E2CB266649D000F51F19 /* ScanBar.swift */ = {isa = PBXFileReference; lastKnownFileType = sourcecode.swift; path = ScanBar.swift; sourceTree = "<group>"; };
		4340E2CD266660FE00F51F19 /* PromiseExt.swift */ = {isa = PBXFileReference; lastKnownFileType = sourcecode.swift; path = PromiseExt.swift; sourceTree = "<group>"; };
		43481048262D30CE002809ED /* Helps.swift */ = {isa = PBXFileReference; lastKnownFileType = sourcecode.swift; path = Helps.swift; sourceTree = "<group>"; };
		436BB6922644D126008B4866 /* SetEditorView.swift */ = {isa = PBXFileReference; lastKnownFileType = sourcecode.swift; path = SetEditorView.swift; sourceTree = "<group>"; };
		436BB6942644E8D6008B4866 /* ZSetEditorView.swift */ = {isa = PBXFileReference; lastKnownFileType = sourcecode.swift; path = ZSetEditorView.swift; sourceTree = "<group>"; };
		436BB6962644EED8008B4866 /* FormItemNumber.swift */ = {isa = PBXFileReference; lastKnownFileType = sourcecode.swift; path = FormItemNumber.swift; sourceTree = "<group>"; };
		4370534B2626E65D00D8F1B7 /* README.md */ = {isa = PBXFileReference; lastKnownFileType = net.daringfireball.markdown; path = README.md; sourceTree = "<group>"; };
		4370534D262812EE00D8F1B7 /* GlobalContext.swift */ = {isa = PBXFileReference; lastKnownFileType = sourcecode.swift; path = GlobalContext.swift; sourceTree = "<group>"; };
		4370CE672685B07D001E5787 /* ClientListTableController.swift */ = {isa = PBXFileReference; lastKnownFileType = sourcecode.swift; path = ClientListTableController.swift; sourceTree = "<group>"; };
		4370CE692685B0B7001E5787 /* ClientListTableController.xib */ = {isa = PBXFileReference; lastKnownFileType = file.xib; path = ClientListTableController.xib; sourceTree = "<group>"; };
		4370CE6D2685BC05001E5787 /* ClientListDemo.swift */ = {isa = PBXFileReference; lastKnownFileType = sourcecode.swift; path = ClientListDemo.swift; sourceTree = "<group>"; };
		4370CE6F2685C4B2001E5787 /* ClientListTable.swift */ = {isa = PBXFileReference; lastKnownFileType = sourcecode.swift; path = ClientListTable.swift; sourceTree = "<group>"; };
		4373C4FD25C2DEC8002B700E /* MButton.swift */ = {isa = PBXFileReference; lastKnownFileType = sourcecode.swift; path = MButton.swift; sourceTree = "<group>"; };
		4373C50025C2E75B002B700E /* BizError.swift */ = {isa = PBXFileReference; lastKnownFileType = sourcecode.swift; path = BizError.swift; sourceTree = "<group>"; };
		4373C50425C3F0B6002B700E /* UserDefaultsKeysEnum.swift */ = {isa = PBXFileReference; lastKnownFileType = sourcecode.swift; path = UserDefaultsKeysEnum.swift; sourceTree = "<group>"; };
		4373C50825C3F218002B700E /* RedisModel.swift */ = {isa = PBXFileReference; lastKnownFileType = sourcecode.swift; path = RedisModel.swift; sourceTree = "<group>"; };
		4373C50B25C3FC81002B700E /* LoginForm.swift */ = {isa = PBXFileReference; lastKnownFileType = sourcecode.swift; path = LoginForm.swift; sourceTree = "<group>"; };
		437BC2442645272E00E2C84D /* DoubleFormatter.swift */ = {isa = PBXFileReference; lastKnownFileType = sourcecode.swift; path = DoubleFormatter.swift; sourceTree = "<group>"; };
		437BC24626452AE400E2C84D /* StringFormatter.swift */ = {isa = PBXFileReference; lastKnownFileType = sourcecode.swift; path = StringFormatter.swift; sourceTree = "<group>"; };
		437BC2482645413000E2C84D /* MDoubleField.swift */ = {isa = PBXFileReference; lastKnownFileType = sourcecode.swift; path = MDoubleField.swift; sourceTree = "<group>"; };
		437BC24D26461E2100E2C84D /* NumberHelper.swift */ = {isa = PBXFileReference; lastKnownFileType = sourcecode.swift; path = NumberHelper.swift; sourceTree = "<group>"; };
		437BC25026467A3D00E2C84D /* SidebarFooter.swift */ = {isa = PBXFileReference; lastKnownFileType = sourcecode.swift; path = SidebarFooter.swift; sourceTree = "<group>"; };
		437C09342649039000F1904C /* DatabasePicker.swift */ = {isa = PBXFileReference; lastKnownFileType = sourcecode.swift; path = DatabasePicker.swift; sourceTree = "<group>"; };
		437C0936264952B300F1904C /* MTabView.swift */ = {isa = PBXFileReference; lastKnownFileType = sourcecode.swift; path = MTabView.swift; sourceTree = "<group>"; };
		4382203C26564D6900DA7F9E /* redis-proRelease.entitlements */ = {isa = PBXFileReference; lastKnownFileType = text.plist.entitlements; path = "redis-proRelease.entitlements"; sourceTree = "<group>"; };
		4382203D265668CC00DA7F9E /* MLoading.swift */ = {isa = PBXFileReference; lastKnownFileType = sourcecode.swift; path = MLoading.swift; sourceTree = "<group>"; };
		4382203F26574E3F00DA7F9E /* MSpin.swift */ = {isa = PBXFileReference; lastKnownFileType = sourcecode.swift; path = MSpin.swift; sourceTree = "<group>"; };
		43822041265763D400DA7F9E /* RedisProCommands.swift */ = {isa = PBXFileReference; lastKnownFileType = sourcecode.swift; path = RedisProCommands.swift; sourceTree = "<group>"; };
		4385D32D261ED26200BA8ED1 /* IndexView.swift */ = {isa = PBXFileReference; lastKnownFileType = sourcecode.swift; path = IndexView.swift; sourceTree = "<group>"; };
		43915808268075490019D2D0 /* Demo.swift */ = {isa = PBXFileReference; lastKnownFileType = sourcecode.swift; path = Demo.swift; sourceTree = "<group>"; };
		4397288B2643E43800803BE9 /* Constants.swift */ = {isa = PBXFileReference; lastKnownFileType = sourcecode.swift; path = Constants.swift; sourceTree = "<group>"; };
		43BB012226390BC20039565E /* ModalView.swift */ = {isa = PBXFileReference; lastKnownFileType = sourcecode.swift; path = ModalView.swift; sourceTree = "<group>"; };
		43BCCD3226A90C1E000BE45F /* Demo.xib */ = {isa = PBXFileReference; lastKnownFileType = file.xib; path = Demo.xib; sourceTree = "<group>"; };
		43BCCD3426A919B8000BE45F /* MSecureField.swift */ = {isa = PBXFileReference; lastKnownFileType = sourcecode.swift; path = MSecureField.swift; sourceTree = "<group>"; };
		43BCCD3626A91E85000BE45F /* FormItemSecure.swift */ = {isa = PBXFileReference; lastKnownFileType = sourcecode.swift; path = FormItemSecure.swift; sourceTree = "<group>"; };
		43CD2868267091B600E11876 /* .version */ = {isa = PBXFileReference; lastKnownFileType = text; path = .version; sourceTree = "<group>"; };
		43CD28692670933F00E11876 /* CheckUpdateTests.swift */ = {isa = PBXFileReference; lastKnownFileType = sourcecode.swift; path = CheckUpdateTests.swift; sourceTree = "<group>"; };
		43CD286D2670A03800E11876 /* VersionManager.swift */ = {isa = PBXFileReference; lastKnownFileType = sourcecode.swift; path = VersionManager.swift; sourceTree = "<group>"; };
		43CD28702670C3DD00E11876 /* ColorSchemeEnum.swift */ = {isa = PBXFileReference; lastKnownFileType = sourcecode.swift; path = ColorSchemeEnum.swift; sourceTree = "<group>"; };
		43CD28732670E8BE00E11876 /* SettingsView.swift */ = {isa = PBXFileReference; lastKnownFileType = sourcecode.swift; path = SettingsView.swift; sourceTree = "<group>"; };
		43CD28772671FA2A00E11876 /* RedisInfoModel.swift */ = {isa = PBXFileReference; lastKnownFileType = sourcecode.swift; path = RedisInfoModel.swift; sourceTree = "<group>"; };
		43CD2879267209D900E11876 /* RedisInfoView.swift */ = {isa = PBXFileReference; lastKnownFileType = sourcecode.swift; path = RedisInfoView.swift; sourceTree = "<group>"; };
		43CD289F26732F4C00E11876 /* zh-Hans */ = {isa = PBXFileReference; lastKnownFileType = text.plist.strings; name = "zh-Hans"; path = "zh-Hans.lproj/Localizable.strings"; sourceTree = "<group>"; };
		43CD28A126732F5000E11876 /* en */ = {isa = PBXFileReference; lastKnownFileType = text.plist.strings; name = en; path = en.lproj/Localizable.strings; sourceTree = "<group>"; };
		43CD28AB267B67C600E11876 /* PuppyLogger.swift */ = {isa = PBXFileReference; lastKnownFileType = sourcecode.swift; path = PuppyLogger.swift; sourceTree = "<group>"; };
		43CD28AD267B6E0E00E11876 /* LoggerFactory.swift */ = {isa = PBXFileReference; lastKnownFileType = sourcecode.swift; path = LoggerFactory.swift; sourceTree = "<group>"; };
		43CD28AF267C6A9D00E11876 /* MainViewTypeEnum.swift */ = {isa = PBXFileReference; lastKnownFileType = sourcecode.swift; path = MainViewTypeEnum.swift; sourceTree = "<group>"; };
		43CD28B1267C6D0800E11876 /* ClientsListView.swift */ = {isa = PBXFileReference; lastKnownFileType = sourcecode.swift; path = ClientsListView.swift; sourceTree = "<group>"; };
		43CD28B3267C6F1100E11876 /* ClientModel.swift */ = {isa = PBXFileReference; lastKnownFileType = sourcecode.swift; path = ClientModel.swift; sourceTree = "<group>"; };
		43CD28B5267C7CF400E11876 /* Objects.swift */ = {isa = PBXFileReference; lastKnownFileType = sourcecode.swift; path = Objects.swift; sourceTree = "<group>"; };
		43DFEF3625C29288006EF535 /* FormItemInt.swift */ = {isa = PBXFileReference; lastKnownFileType = sourcecode.swift; path = FormItemInt.swift; sourceTree = "<group>"; };
		43EADB042620043F003B8310 /* HashEditorView.swift */ = {isa = PBXFileReference; lastKnownFileType = sourcecode.swift; path = HashEditorView.swift; sourceTree = "<group>"; };
		43EADB0726200540003B8310 /* IconButton.swift */ = {isa = PBXFileReference; lastKnownFileType = sourcecode.swift; path = IconButton.swift; sourceTree = "<group>"; };
		43F22ED22697FC0100A00F97 /* RedisKeysTableController.xib */ = {isa = PBXFileReference; lastKnownFileType = file.xib; path = RedisKeysTableController.xib; sourceTree = "<group>"; };
		43F22ED42697FC1900A00F97 /* RedisKeysTableController.swift */ = {isa = PBXFileReference; lastKnownFileType = sourcecode.swift; path = RedisKeysTableController.swift; sourceTree = "<group>"; };
		43F22ED62697FC4B00A00F97 /* RedisKeysTable.swift */ = {isa = PBXFileReference; lastKnownFileType = sourcecode.swift; path = RedisKeysTable.swift; sourceTree = "<group>"; };
		43F22ED82697FC5800A00F97 /* RedisKeysTableDemo.swift */ = {isa = PBXFileReference; lastKnownFileType = sourcecode.swift; path = RedisKeysTableDemo.swift; sourceTree = "<group>"; };
		43F22EDA269BE69200A00F97 /* RedisListTableController.xib */ = {isa = PBXFileReference; lastKnownFileType = file.xib; path = RedisListTableController.xib; sourceTree = "<group>"; };
		43F22EDC269BE6A800A00F97 /* RedisListTableController.swift */ = {isa = PBXFileReference; lastKnownFileType = sourcecode.swift; path = RedisListTableController.swift; sourceTree = "<group>"; };
		43F22EDE269BEB6800A00F97 /* RedisListTableDemo.swift */ = {isa = PBXFileReference; lastKnownFileType = sourcecode.swift; path = RedisListTableDemo.swift; sourceTree = "<group>"; };
		43F22EE2269C2D6600A00F97 /* TextViewController.xib */ = {isa = PBXFileReference; lastKnownFileType = file.xib; path = TextViewController.xib; sourceTree = "<group>"; };
		43F22EE4269C2E0900A00F97 /* TextViewController.swift */ = {isa = PBXFileReference; lastKnownFileType = sourcecode.swift; path = TextViewController.swift; sourceTree = "<group>"; };
		43F22EE8269E7F9500A00F97 /* README.zh_CN.md */ = {isa = PBXFileReference; lastKnownFileType = net.daringfireball.markdown; path = README.zh_CN.md; sourceTree = "<group>"; };
		43F22EEA269EC11E00A00F97 /* MAlert.swift */ = {isa = PBXFileReference; lastKnownFileType = sourcecode.swift; path = MAlert.swift; sourceTree = "<group>"; };
		43F22EEC269ED9D500A00F97 /* SlowLogView.swift */ = {isa = PBXFileReference; lastKnownFileType = sourcecode.swift; path = SlowLogView.swift; sourceTree = "<group>"; };
		43F22EEE269EDF7B00A00F97 /* SlowLogModel.swift */ = {isa = PBXFileReference; lastKnownFileType = sourcecode.swift; path = SlowLogModel.swift; sourceTree = "<group>"; };
		43F22EF0269EE02500A00F97 /* SlowLogTableController.xib */ = {isa = PBXFileReference; lastKnownFileType = file.xib; path = SlowLogTableController.xib; sourceTree = "<group>"; };
		43F22EF2269EE03400A00F97 /* SlowLogTableController.swift */ = {isa = PBXFileReference; lastKnownFileType = sourcecode.swift; path = SlowLogTableController.swift; sourceTree = "<group>"; };
		43F22EF4269FCE6000A00F97 /* DateHelper.swift */ = {isa = PBXFileReference; lastKnownFileType = sourcecode.swift; path = DateHelper.swift; sourceTree = "<group>"; };
		43F22EF826A01ECB00A00F97 /* MNSTextField.swift */ = {isa = PBXFileReference; lastKnownFileType = sourcecode.swift; path = MNSTextField.swift; sourceTree = "<group>"; };
		43F22EFC26A127CF00A00F97 /* HashEntryTableController.swift */ = {isa = PBXFileReference; lastKnownFileType = sourcecode.swift; path = HashEntryTableController.swift; sourceTree = "<group>"; };
		43F22EFE26A129B300A00F97 /* RedisHashEntryModel.swift */ = {isa = PBXFileReference; lastKnownFileType = sourcecode.swift; path = RedisHashEntryModel.swift; sourceTree = "<group>"; };
		43F22F0026A1336700A00F97 /* HashEntryTableController.xib */ = {isa = PBXFileReference; lastKnownFileType = file.xib; path = HashEntryTableController.xib; sourceTree = "<group>"; };
		43F22F0626A1455D00A00F97 /* ListTableController.swift */ = {isa = PBXFileReference; lastKnownFileType = sourcecode.swift; path = ListTableController.swift; sourceTree = "<group>"; };
		43F22F0826A1456800A00F97 /* ListTableController.xib */ = {isa = PBXFileReference; lastKnownFileType = file.xib; path = ListTableController.xib; sourceTree = "<group>"; };
		43F22F0A26A159B900A00F97 /* RedisZSetItemModel.swift */ = {isa = PBXFileReference; lastKnownFileType = sourcecode.swift; path = RedisZSetItemModel.swift; sourceTree = "<group>"; };
		43F22F0C26A15AD700A00F97 /* ZSetTableController.swift */ = {isa = PBXFileReference; lastKnownFileType = sourcecode.swift; path = ZSetTableController.swift; sourceTree = "<group>"; };
		43F22F0E26A15AE700A00F97 /* ZSetTableController.xib */ = {isa = PBXFileReference; lastKnownFileType = file.xib; path = ZSetTableController.xib; sourceTree = "<group>"; };
		43F22F1026A1603F00A00F97 /* StringHelper.swift */ = {isa = PBXFileReference; lastKnownFileType = sourcecode.swift; path = StringHelper.swift; sourceTree = "<group>"; };
		43F22F1226A5546000A00F97 /* RedisInfoItemModel.swift */ = {isa = PBXFileReference; lastKnownFileType = sourcecode.swift; path = RedisInfoItemModel.swift; sourceTree = "<group>"; };
		43F22F1426A5583D00A00F97 /* RedisInfoTableController.swift */ = {isa = PBXFileReference; lastKnownFileType = sourcecode.swift; path = RedisInfoTableController.swift; sourceTree = "<group>"; };
		43F22F1626A5584C00A00F97 /* RedisInfoTableController.xib */ = {isa = PBXFileReference; lastKnownFileType = file.xib; path = RedisInfoTableController.xib; sourceTree = "<group>"; };
		43F22F1826A6690600A00F97 /* MLabel.swift */ = {isa = PBXFileReference; lastKnownFileType = sourcecode.swift; path = MLabel.swift; sourceTree = "<group>"; };
		62CB3D712619AE050061E8C3 /* HomeView.swift */ = {isa = PBXFileReference; lastKnownFileType = sourcecode.swift; path = HomeView.swift; sourceTree = "<group>"; };
		62CB3D742619AEC20061E8C3 /* RedisKeysListView.swift */ = {isa = PBXFileReference; lastKnownFileType = sourcecode.swift; path = RedisKeysListView.swift; sourceTree = "<group>"; };
		62CB3D782619AEEB0061E8C3 /* RedisKeyRowView.swift */ = {isa = PBXFileReference; lastKnownFileType = sourcecode.swift; path = RedisKeyRowView.swift; sourceTree = "<group>"; };
		62CB3D7C2619AF990061E8C3 /* RedisKeyModel.swift */ = {isa = PBXFileReference; lastKnownFileType = sourcecode.swift; path = RedisKeyModel.swift; sourceTree = "<group>"; };
		62CB3D7F2619B09B0061E8C3 /* RedisKeyTypeEnum.swift */ = {isa = PBXFileReference; lastKnownFileType = sourcecode.swift; path = RedisKeyTypeEnum.swift; sourceTree = "<group>"; };
		CE83D51B2758E8D1000DF09D /* FocusableTextField.swift */ = {isa = PBXFileReference; lastKnownFileType = sourcecode.swift; path = FocusableTextField.swift; sourceTree = "<group>"; };
		CEB3752B275614B800276E8C /* OHHTTPStubs */ = {isa = PBXFileReference; lastKnownFileType = folder; name = OHHTTPStubs; path = ../OHHTTPStubs; sourceTree = "<group>"; };
		CEB3752C275614DF00276E8C /* OHHTTPStubs */ = {isa = PBXFileReference; lastKnownFileType = folder; name = OHHTTPStubs; path = ../OHHTTPStubs; sourceTree = "<group>"; };
		CEB3752D275614FD00276E8C /* OHHTTPStubs */ = {isa = PBXFileReference; lastKnownFileType = folder; name = OHHTTPStubs; path = ../OHHTTPStubs; sourceTree = "<group>"; };
		CEB3752E275617BD00276E8C /* swift-log */ = {isa = PBXFileReference; lastKnownFileType = folder; name = "swift-log"; path = "../swift-log"; sourceTree = "<group>"; };
/* End PBXFileReference section */

/* Begin PBXFrameworksBuildPhase section */
		4320AAED25B6740900A8E214 /* Frameworks */ = {
			isa = PBXFrameworksBuildPhase;
			buildActionMask = 2147483647;
			files = (
				4301C82B26AE8E0400C08E19 /* NIOSSH in Frameworks */,
				CEB37539275618B900276E8C /* NIOFoundationCompat in Frameworks */,
				438BBEB52655015D00B458BF /* CrashReporter in Frameworks */,
				CE83D51527563931000DF09D /* PromiseKit in Frameworks */,
				436BB68726440584008B4866 /* CoreMetrics in Frameworks */,
				43CD28AA267B64FA00E11876 /* Puppy in Frameworks */,
				CEB3753F275618B900276E8C /* NIOTLS in Frameworks */,
				4301C82826AE8DE500C08E19 /* Crypto in Frameworks */,
				CE83D51827563C28000DF09D /* AppCenterAnalytics in Frameworks */,
				CE83D51A27563C28000DF09D /* AppCenterCrashes in Frameworks */,
				4340E2C82666257500F51F19 /* SwiftyJSON in Frameworks */,
				436BB68926440584008B4866 /* Metrics in Frameworks */,
				62C48935265A13BB00D68D06 /* ServiceDiscovery in Frameworks */,
				CEB37531275618B900276E8C /* NIO in Frameworks */,
				CEB3753D275618B900276E8C /* NIOPosix in Frameworks */,
				CEB37537275618B900276E8C /* NIOEmbedded in Frameworks */,
				CEB37533275618B900276E8C /* NIOConcurrencyHelpers in Frameworks */,
				623704FC265A27970084CCA8 /* RedisTypes in Frameworks */,
				CE14E2AA27561BE1004862F7 /* Logging in Frameworks */,
				623704FA265A27970084CCA8 /* RediStack in Frameworks */,
				CEB37535275618B900276E8C /* NIOCore in Frameworks */,
				CEB3753B275618B900276E8C /* NIOHTTP1 in Frameworks */,
			);
			runOnlyForDeploymentPostprocessing = 0;
		};
		4340E2B72666236200F51F19 /* Frameworks */ = {
			isa = PBXFrameworksBuildPhase;
			buildActionMask = 2147483647;
			files = (
			);
			runOnlyForDeploymentPostprocessing = 0;
		};
/* End PBXFrameworksBuildPhase section */

/* Begin PBXGroup section */
		4301C84326BBE66F00C08E19 /* SSH */ = {
			isa = PBXGroup;
			children = (
				4301C84426BBE68400C08E19 /* SSHAuthentication.swift */,
				4301C86326BBF62600C08E19 /* SSHRediStackClient.swift */,
				4301C86526BBF86E00C08E19 /* SSHForward.swift */,
				4301C86726BBFE8800C08E19 /* SSHRedisModel.swift */,
			);
			path = SSH;
			sourceTree = "<group>";
		};
		430A09E025C1557900B60DFC /* Components */ = {
			isa = PBXGroup;
			children = (
				CE83D51B2758E8D1000DF09D /* FocusableTextField.swift */,
				430A09E125C1559400B60DFC /* FormLabel.swift */,
				4313576E263ABB1C0077EE46 /* FormWrapper.swift */,
				430A09E525C155F800B60DFC /* FormItemText.swift */,
				43BCCD3626A91E85000BE45F /* FormItemSecure.swift */,
				4313576A263AB6400077EE46 /* FormItemTextArea.swift */,
				43DFEF3625C29288006EF535 /* FormItemInt.swift */,
				436BB6962644EED8008B4866 /* FormItemNumber.swift */,
				432A6ADC26A6B7FA00F6DB64 /* SecureTextField.swift */,
				4373C4FD25C2DEC8002B700E /* MButton.swift */,
				43BCCD3226A90C1E000BE45F /* Demo.xib */,
				43EADB0726200540003B8310 /* IconButton.swift */,
				43F22F1826A6690600A00F97 /* MLabel.swift */,
				431266CB261C450300FB6B69 /* Tag.swift */,
				431266DD261D45C500FB6B69 /* MIcon.swift */,
				431266ED261D517500FB6B69 /* RedisKeyTypePicker.swift */,
				4314A33D2624370E00053FEE /* SearchBar.swift */,
				4314A34026243ED500053FEE /* PageBar.swift */,
				4340E2CB266649D000F51F19 /* ScanBar.swift */,
				4314A3462625484100053FEE /* MTextField.swift */,
				43BCCD3426A919B8000BE45F /* MSecureField.swift */,
				437BC2482645413000E2C84D /* MDoubleField.swift */,
				4313576C263AB6A20077EE46 /* MTextEditor.swift */,
				43BB012226390BC20039565E /* ModalView.swift */,
				437C0936264952B300F1904C /* MTabView.swift */,
				4382203D265668CC00DA7F9E /* MLoading.swift */,
				4382203F26574E3F00DA7F9E /* MSpin.swift */,
				4314A343262546DF00053FEE /* Extensions.swift */,
				43915808268075490019D2D0 /* Demo.swift */,
				43F22EE4269C2E0900A00F97 /* TextViewController.swift */,
				43F22EE2269C2D6600A00F97 /* TextViewController.xib */,
				43F22EEA269EC11E00A00F97 /* MAlert.swift */,
				43F22EF826A01ECB00A00F97 /* MNSTextField.swift */,
			);
			path = Components;
			sourceTree = "<group>";
		};
		4320AAE725B6740900A8E214 = {
			isa = PBXGroup;
			children = (
				CEB3752A275614B800276E8C /* Packages */,
				4320AAF225B6740900A8E214 /* redis-pro */,
				4340E2BB2666236200F51F19 /* redisProTests */,
				4320AAF125B6740900A8E214 /* Products */,
				438BBEA82654DD3200B458BF /* Frameworks */,
				4370534B2626E65D00D8F1B7 /* README.md */,
				43F22EE8269E7F9500A00F97 /* README.zh_CN.md */,
				431FD84226BD2F1200151934 /* CHANGELOG.md */,
				43CD2868267091B600E11876 /* .version */,
			);
			sourceTree = "<group>";
		};
		4320AAF125B6740900A8E214 /* Products */ = {
			isa = PBXGroup;
			children = (
				4320AAF025B6740900A8E214 /* redis-pro.app */,
				4340E2BA2666236200F51F19 /* redisProTests.xctest */,
			);
			name = Products;
			sourceTree = "<group>";
		};
		4320AAF225B6740900A8E214 /* redis-pro */ = {
			isa = PBXGroup;
			children = (
				434047F72611C1D5001519F9 /* Common */,
				4320AB1725B67E2C00A8E214 /* Model */,
				4320AB1625B67E2400A8E214 /* Views */,
				4320AB1525B67E1A00A8E214 /* Resources */,
				43822041265763D400DA7F9E /* RedisProCommands.swift */,
				4320AAF325B6740900A8E214 /* redis_proApp.swift */,
				4320AAF725B6740A00A8E214 /* Assets.xcassets */,
				4320AAFC25B6740A00A8E214 /* Info.plist */,
				4320AAFD25B6740A00A8E214 /* redis_pro.entitlements */,
				4382203C26564D6900DA7F9E /* redis-proRelease.entitlements */,
				4320AAF925B6740A00A8E214 /* Preview Content */,
				43CD28A026732F4C00E11876 /* Localizable.strings */,
			);
			path = "redis-pro";
			sourceTree = "<group>";
		};
		4320AAF925B6740A00A8E214 /* Preview Content */ = {
			isa = PBXGroup;
			children = (
				4320AAFA25B6740A00A8E214 /* Preview Assets.xcassets */,
			);
			path = "Preview Content";
			sourceTree = "<group>";
		};
		4320AB1525B67E1A00A8E214 /* Resources */ = {
			isa = PBXGroup;
			children = (
			);
			path = Resources;
			sourceTree = "<group>";
		};
		4320AB1625B67E2400A8E214 /* Views */ = {
			isa = PBXGroup;
			children = (
				43CD28722670E89B00E11876 /* Settings */,
				430A09E025C1557900B60DFC /* Components */,
				62CB3D6F2619ADB60061E8C3 /* Login */,
				4385D337261FF6E900BA8ED1 /* RedisEditorView */,
				437BC24F264678FB00E2C84D /* Sidebar */,
				43CD28A22673368E00E11876 /* System */,
				4385D32D261ED26200BA8ED1 /* IndexView.swift */,
				62CB3D712619AE050061E8C3 /* HomeView.swift */,
				431266E4261D4E2700FB6B69 /* RedisValueView.swift */,
				431266F1261D89E600FB6B69 /* RedisValueEditView.swift */,
				431266E7261D4E4100FB6B69 /* RedisValueHeaderView.swift */,
			);
			path = Views;
			sourceTree = "<group>";
		};
		4320AB1725B67E2C00A8E214 /* Model */ = {
			isa = PBXGroup;
			children = (
				430A09DB25BEAD2700B60DFC /* RedisInsanceModel.swift */,
				4373C50825C3F218002B700E /* RedisModel.swift */,
				434047F92611C828001519F9 /* RedisFavoriteModel.swift */,
				62CB3D7C2619AF990061E8C3 /* RedisKeyModel.swift */,
				431266EA261D4EED00FB6B69 /* RedisKeyValueModel.swift */,
				4314A34B26258A4300053FEE /* Page.swift */,
				4340E2C92666494300F51F19 /* ScanModel.swift */,
				4314A3632626B98700053FEE /* AlertContext.swift */,
				4370534D262812EE00D8F1B7 /* GlobalContext.swift */,
				43CD28772671FA2A00E11876 /* RedisInfoModel.swift */,
				43F22F1226A5546000A00F97 /* RedisInfoItemModel.swift */,
				43CD28B3267C6F1100E11876 /* ClientModel.swift */,
				43F22EEE269EDF7B00A00F97 /* SlowLogModel.swift */,
				43F22EFE26A129B300A00F97 /* RedisHashEntryModel.swift */,
				43F22F0A26A159B900A00F97 /* RedisZSetItemModel.swift */,
				432A6AE426A7C4D900F6DB64 /* RedisConfigItemModel.swift */,
			);
			path = Model;
			sourceTree = "<group>";
		};
		434047F72611C1D5001519F9 /* Common */ = {
			isa = PBXGroup;
			children = (
				4301C84326BBE66F00C08E19 /* SSH */,
				43CD286F2670C3BC00E11876 /* Settings */,
				4373C50425C3F0B6002B700E /* UserDefaultsKeysEnum.swift */,
				62CB3D7F2619B09B0061E8C3 /* RedisKeyTypeEnum.swift */,
				431FD83E26BD160800151934 /* RedisConnectionTypeEnum.swift */,
				431266D4261C5C9000FB6B69 /* ButtonTypeEnum.swift */,
				43CD28AF267C6A9D00E11876 /* MainViewTypeEnum.swift */,
				431266D7261C66E100FB6B69 /* MTheme.swift */,
				4373C50025C2E75B002B700E /* BizError.swift */,
				4314A34E2625B46E00053FEE /* RediStackClient.swift */,
				43481048262D30CE002809ED /* Helps.swift */,
				4397288B2643E43800803BE9 /* Constants.swift */,
				437BC2442645272E00E2C84D /* DoubleFormatter.swift */,
				437BC24626452AE400E2C84D /* StringFormatter.swift */,
				437BC24D26461E2100E2C84D /* NumberHelper.swift */,
				43F22EF4269FCE6000A00F97 /* DateHelper.swift */,
				43F22F1026A1603F00A00F97 /* StringHelper.swift */,
				4340E2CD266660FE00F51F19 /* PromiseExt.swift */,
				43CD286D2670A03800E11876 /* VersionManager.swift */,
				43CD28AB267B67C600E11876 /* PuppyLogger.swift */,
				43CD28AD267B6E0E00E11876 /* LoggerFactory.swift */,
				43CD28B5267C7CF400E11876 /* Objects.swift */,
				4301C82E26B0EEB800C08E19 /* Stopwatch.swift */,
			);
			path = Common;
			sourceTree = "<group>";
		};
		4340E2BB2666236200F51F19 /* redisProTests */ = {
			isa = PBXGroup;
			children = (
				4301C84126BA85C700C08E19 /* SSHTunnelTests.swift */,
				43CD28692670933F00E11876 /* CheckUpdateTests.swift */,
				4340E2C42666239F00F51F19 /* JsonPrettyFormatTests.swift */,
				4340E2BC2666236200F51F19 /* redisProTests.swift */,
				432A6AE626A7CE9C00F6DB64 /* NumberTests.swift */,
				4340E2BE2666236200F51F19 /* Info.plist */,
			);
			path = redisProTests;
			sourceTree = "<group>";
		};
		437BC24F264678FB00E2C84D /* Sidebar */ = {
			isa = PBXGroup;
			children = (
				62CB3D742619AEC20061E8C3 /* RedisKeysListView.swift */,
				431266CE261C4E0900FB6B69 /* RedisKeySearchRowView.swift */,
				62CB3D782619AEEB0061E8C3 /* RedisKeyRowView.swift */,
				437BC25026467A3D00E2C84D /* SidebarFooter.swift */,
				437C09342649039000F1904C /* DatabasePicker.swift */,
				43F22ED82697FC5800A00F97 /* RedisKeysTableDemo.swift */,
				43F22ED62697FC4B00A00F97 /* RedisKeysTable.swift */,
				43F22ED42697FC1900A00F97 /* RedisKeysTableController.swift */,
				43F22ED22697FC0100A00F97 /* RedisKeysTableController.xib */,
			);
			path = Sidebar;
			sourceTree = "<group>";
		};
		4385D337261FF6E900BA8ED1 /* RedisEditorView */ = {
			isa = PBXGroup;
			children = (
				431266F4261D912500FB6B69 /* StringEditorView.swift */,
				43EADB042620043F003B8310 /* HashEditorView.swift */,
				43F22EFC26A127CF00A00F97 /* HashEntryTableController.swift */,
				43F22F0026A1336700A00F97 /* HashEntryTableController.xib */,
				436BB6922644D126008B4866 /* SetEditorView.swift */,
				436BB6942644E8D6008B4866 /* ZSetEditorView.swift */,
				43F22F0C26A15AD700A00F97 /* ZSetTableController.swift */,
				43F22F0E26A15AE700A00F97 /* ZSetTableController.xib */,
				43135770263BB1560077EE46 /* ListEditorView.swift */,
				43F22F0626A1455D00A00F97 /* ListTableController.swift */,
				43F22F0826A1456800A00F97 /* ListTableController.xib */,
			);
			path = RedisEditorView;
			sourceTree = "<group>";
		};
		438BBEA82654DD3200B458BF /* Frameworks */ = {
			isa = PBXGroup;
			children = (
			);
			name = Frameworks;
			sourceTree = "<group>";
		};
		43CD286F2670C3BC00E11876 /* Settings */ = {
			isa = PBXGroup;
			children = (
				43CD28702670C3DD00E11876 /* ColorSchemeEnum.swift */,
			);
			path = Settings;
			sourceTree = "<group>";
		};
		43CD28722670E89B00E11876 /* Settings */ = {
			isa = PBXGroup;
			children = (
				43CD28732670E8BE00E11876 /* SettingsView.swift */,
			);
			path = Settings;
			sourceTree = "<group>";
		};
		43CD28A22673368E00E11876 /* System */ = {
			isa = PBXGroup;
			children = (
				43CD2879267209D900E11876 /* RedisInfoView.swift */,
				43F22F1426A5583D00A00F97 /* RedisInfoTableController.swift */,
				43F22F1626A5584C00A00F97 /* RedisInfoTableController.xib */,
				432A6ADE26A7C3D200F6DB64 /* RedisConfigView.swift */,
				432A6AE026A7C43300F6DB64 /* RedisConfigTableController.swift */,
				432A6AE226A7C44000F6DB64 /* RedisConfigTableController.xib */,
				43CD28B1267C6D0800E11876 /* ClientsListView.swift */,
				4370CE6D2685BC05001E5787 /* ClientListDemo.swift */,
				4370CE6F2685C4B2001E5787 /* ClientListTable.swift */,
				4370CE672685B07D001E5787 /* ClientListTableController.swift */,
				4370CE692685B0B7001E5787 /* ClientListTableController.xib */,
				43F22EEC269ED9D500A00F97 /* SlowLogView.swift */,
				43F22EF2269EE03400A00F97 /* SlowLogTableController.swift */,
				43F22EF0269EE02500A00F97 /* SlowLogTableController.xib */,
			);
			path = System;
			sourceTree = "<group>";
		};
		62CB3D6F2619ADB60061E8C3 /* Login */ = {
			isa = PBXGroup;
			children = (
				430A09D225BEA91700B60DFC /* LoginView.swift */,
				430A09D525BEA98300B60DFC /* RedisListView.swift */,
				430A09D825BEA9A700B60DFC /* RedisRow.swift */,
				431266C72617080D00FB6B69 /* RedisQuickRow.swift */,
				4373C50B25C3FC81002B700E /* LoginForm.swift */,
				43F22EDE269BEB6800A00F97 /* RedisListTableDemo.swift */,
				43F22EDC269BE6A800A00F97 /* RedisListTableController.swift */,
				43F22EDA269BE69200A00F97 /* RedisListTableController.xib */,
			);
			path = Login;
			sourceTree = "<group>";
		};
		CEB3752A275614B800276E8C /* Packages */ = {
			isa = PBXGroup;
			children = (
				CEB3752B275614B800276E8C /* OHHTTPStubs */,
				CEB3752C275614DF00276E8C /* OHHTTPStubs */,
				CEB3752D275614FD00276E8C /* OHHTTPStubs */,
				CEB3752E275617BD00276E8C /* swift-log */,
			);
			name = Packages;
			sourceTree = "<group>";
		};
/* End PBXGroup section */

/* Begin PBXNativeTarget section */
		4320AAEF25B6740900A8E214 /* redis-pro */ = {
			isa = PBXNativeTarget;
			buildConfigurationList = 4320AB0025B6740A00A8E214 /* Build configuration list for PBXNativeTarget "redis-pro" */;
			buildPhases = (
				4320AAEC25B6740900A8E214 /* Sources */,
				4320AAED25B6740900A8E214 /* Frameworks */,
				4320AAEE25B6740900A8E214 /* Resources */,
			);
			buildRules = (
			);
			dependencies = (
			);
			name = "redis-pro";
			packageProductDependencies = (
				436BB68626440584008B4866 /* CoreMetrics */,
				436BB68826440584008B4866 /* Metrics */,
				438BBEB42655015D00B458BF /* CrashReporter */,
				62C48934265A13BB00D68D06 /* ServiceDiscovery */,
				623704F9265A27970084CCA8 /* RediStack */,
				623704FB265A27970084CCA8 /* RedisTypes */,
				4340E2C72666257500F51F19 /* SwiftyJSON */,
				43CD28A9267B64FA00E11876 /* Puppy */,
				4301C82726AE8DE500C08E19 /* Crypto */,
				4301C82A26AE8E0400C08E19 /* NIOSSH */,
				CEB37530275618B900276E8C /* NIO */,
				CEB37532275618B900276E8C /* NIOConcurrencyHelpers */,
				CEB37534275618B900276E8C /* NIOCore */,
				CEB37536275618B900276E8C /* NIOEmbedded */,
				CEB37538275618B900276E8C /* NIOFoundationCompat */,
				CEB3753A275618B900276E8C /* NIOHTTP1 */,
				CEB3753C275618B900276E8C /* NIOPosix */,
				CEB3753E275618B900276E8C /* NIOTLS */,
				CE14E2A927561BE1004862F7 /* Logging */,
				CE83D51427563931000DF09D /* PromiseKit */,
				CE83D51727563C28000DF09D /* AppCenterAnalytics */,
				CE83D51927563C28000DF09D /* AppCenterCrashes */,
			);
			productName = "redis-pro";
			productReference = 4320AAF025B6740900A8E214 /* redis-pro.app */;
			productType = "com.apple.product-type.application";
		};
		4340E2B92666236200F51F19 /* redisProTests */ = {
			isa = PBXNativeTarget;
			buildConfigurationList = 4340E2C12666236200F51F19 /* Build configuration list for PBXNativeTarget "redisProTests" */;
			buildPhases = (
				4340E2B62666236200F51F19 /* Sources */,
				4340E2B72666236200F51F19 /* Frameworks */,
				4340E2B82666236200F51F19 /* Resources */,
			);
			buildRules = (
			);
			dependencies = (
				4340E2C02666236200F51F19 /* PBXTargetDependency */,
			);
			name = redisProTests;
			productName = redisProTests;
			productReference = 4340E2BA2666236200F51F19 /* redisProTests.xctest */;
			productType = "com.apple.product-type.bundle.unit-test";
		};
/* End PBXNativeTarget section */

/* Begin PBXProject section */
		4320AAE825B6740900A8E214 /* Project object */ = {
			isa = PBXProject;
			attributes = {
				LastSwiftUpdateCheck = 1250;
				LastUpgradeCheck = 1240;
				TargetAttributes = {
					4320AAEF25B6740900A8E214 = {
						CreatedOnToolsVersion = 12.3;
					};
					4340E2B92666236200F51F19 = {
						CreatedOnToolsVersion = 12.5;
						TestTargetID = 4320AAEF25B6740900A8E214;
					};
				};
			};
			buildConfigurationList = 4320AAEB25B6740900A8E214 /* Build configuration list for PBXProject "redis-pro" */;
			compatibilityVersion = "Xcode 13.0";
			developmentRegion = en;
			hasScannedForEncodings = 0;
			knownRegions = (
				en,
				"zh-Hans",
				Base,
			);
			mainGroup = 4320AAE725B6740900A8E214;
			packageReferences = (
				436BB68526440584008B4866 /* XCRemoteSwiftPackageReference "swift-metrics" */,
				438BBEB32655015D00B458BF /* XCRemoteSwiftPackageReference "plcrashreporter" */,
				62C48933265A13BB00D68D06 /* XCRemoteSwiftPackageReference "swift-service-discovery" */,
				623704F8265A27970084CCA8 /* XCRemoteSwiftPackageReference "RediStack" */,
				4340E2C62666257500F51F19 /* XCRemoteSwiftPackageReference "SwiftyJSON" */,
				43CD28A8267B64FA00E11876 /* XCRemoteSwiftPackageReference "Puppy" */,
				4301C82626AE8DE500C08E19 /* XCRemoteSwiftPackageReference "swift-crypto" */,
				4301C82926AE8E0400C08E19 /* XCRemoteSwiftPackageReference "swift-nio-ssh" */,
				CEB3752F275618B900276E8C /* XCRemoteSwiftPackageReference "swift-nio" */,
				CE14E2A827561BE1004862F7 /* XCRemoteSwiftPackageReference "swift-log" */,
				CE83D51327563931000DF09D /* XCRemoteSwiftPackageReference "PromiseKit" */,
				CE83D51627563C28000DF09D /* XCRemoteSwiftPackageReference "appcenter-sdk-apple" */,
			);
			productRefGroup = 4320AAF125B6740900A8E214 /* Products */;
			projectDirPath = "";
			projectRoot = "";
			targets = (
				4320AAEF25B6740900A8E214 /* redis-pro */,
				4340E2B92666236200F51F19 /* redisProTests */,
			);
		};
/* End PBXProject section */

/* Begin PBXResourcesBuildPhase section */
		4320AAEE25B6740900A8E214 /* Resources */ = {
			isa = PBXResourcesBuildPhase;
			buildActionMask = 2147483647;
			files = (
				4320AAFB25B6740A00A8E214 /* Preview Assets.xcassets in Resources */,
				431FD84326BD2F1200151934 /* CHANGELOG.md in Resources */,
				43BCCD3326A90C1E000BE45F /* Demo.xib in Resources */,
				4370CE6A2685B0B7001E5787 /* ClientListTableController.xib in Resources */,
				43F22F0F26A15AE700A00F97 /* ZSetTableController.xib in Resources */,
				43CD289E26732F4C00E11876 /* Localizable.strings in Resources */,
				43F22F0926A1456800A00F97 /* ListTableController.xib in Resources */,
				43F22EF1269EE02500A00F97 /* SlowLogTableController.xib in Resources */,
				43F22ED32697FC0100A00F97 /* RedisKeysTableController.xib in Resources */,
				43F22F0126A1336700A00F97 /* HashEntryTableController.xib in Resources */,
				43F22EE9269E7F9500A00F97 /* README.zh_CN.md in Resources */,
				43F22EDB269BE69200A00F97 /* RedisListTableController.xib in Resources */,
				432A6AE326A7C44000F6DB64 /* RedisConfigTableController.xib in Resources */,
				4320AAF825B6740A00A8E214 /* Assets.xcassets in Resources */,
				43F22EE3269C2D6600A00F97 /* TextViewController.xib in Resources */,
				43F22F1726A5584C00A00F97 /* RedisInfoTableController.xib in Resources */,
			);
			runOnlyForDeploymentPostprocessing = 0;
		};
		4340E2B82666236200F51F19 /* Resources */ = {
			isa = PBXResourcesBuildPhase;
			buildActionMask = 2147483647;
			files = (
			);
			runOnlyForDeploymentPostprocessing = 0;
		};
/* End PBXResourcesBuildPhase section */

/* Begin PBXSourcesBuildPhase section */
		4320AAEC25B6740900A8E214 /* Sources */ = {
			isa = PBXSourcesBuildPhase;
			buildActionMask = 2147483647;
			files = (
				43F22F1526A5583D00A00F97 /* RedisInfoTableController.swift in Sources */,
				43F22EEF269EDF7B00A00F97 /* SlowLogModel.swift in Sources */,
				43EADB052620043F003B8310 /* HashEditorView.swift in Sources */,
				4313576F263ABB1C0077EE46 /* FormWrapper.swift in Sources */,
				4340E2CC266649D000F51F19 /* ScanBar.swift in Sources */,
				4313576B263AB6400077EE46 /* FormItemTextArea.swift in Sources */,
				43915809268075490019D2D0 /* Demo.swift in Sources */,
				436BB6952644E8D6008B4866 /* ZSetEditorView.swift in Sources */,
				4314A3472625484100053FEE /* MTextField.swift in Sources */,
				436BB6932644D126008B4866 /* SetEditorView.swift in Sources */,
				4373C50525C3F0B6002B700E /* UserDefaultsKeysEnum.swift in Sources */,
				4340E2CA2666494300F51F19 /* ScanModel.swift in Sources */,
				4397288C2643E43800803BE9 /* Constants.swift in Sources */,
				43F22F1326A5546000A00F97 /* RedisInfoItemModel.swift in Sources */,
				43CD28B6267C7CF400E11876 /* Objects.swift in Sources */,
				43F22ED72697FC4B00A00F97 /* RedisKeysTable.swift in Sources */,
				4314A34C26258A4300053FEE /* Page.swift in Sources */,
				431266D8261C66E100FB6B69 /* MTheme.swift in Sources */,
				431266C82617080D00FB6B69 /* RedisQuickRow.swift in Sources */,
				4370CE682685B07D001E5787 /* ClientListTableController.swift in Sources */,
				437C0937264952B300F1904C /* MTabView.swift in Sources */,
				62CB3D722619AE050061E8C3 /* HomeView.swift in Sources */,
				431266E8261D4E4100FB6B69 /* RedisValueHeaderView.swift in Sources */,
				43F22F0B26A159B900A00F97 /* RedisZSetItemModel.swift in Sources */,
				43F22EF926A01ECB00A00F97 /* MNSTextField.swift in Sources */,
				432A6AE526A7C4D900F6DB64 /* RedisConfigItemModel.swift in Sources */,
				43EADB0826200540003B8310 /* IconButton.swift in Sources */,
				4382204026574E3F00DA7F9E /* MSpin.swift in Sources */,
				431266D5261C5C9000FB6B69 /* ButtonTypeEnum.swift in Sources */,
				43CD287A267209D900E11876 /* RedisInfoView.swift in Sources */,
				43F22ED52697FC1900A00F97 /* RedisKeysTableController.swift in Sources */,
				4370534E262812EE00D8F1B7 /* GlobalContext.swift in Sources */,
				431266EB261D4EED00FB6B69 /* RedisKeyValueModel.swift in Sources */,
				430A09D925BEA9A700B60DFC /* RedisRow.swift in Sources */,
				431266F2261D89E600FB6B69 /* RedisValueEditView.swift in Sources */,
				43CD28742670E8BE00E11876 /* SettingsView.swift in Sources */,
				4370CE6E2685BC05001E5787 /* ClientListDemo.swift in Sources */,
				437BC24726452AE400E2C84D /* StringFormatter.swift in Sources */,
				430A09D325BEA91700B60DFC /* LoginView.swift in Sources */,
				43CD28B2267C6D0800E11876 /* ClientsListView.swift in Sources */,
				4382203E265668CC00DA7F9E /* MLoading.swift in Sources */,
				43F22EDF269BEB6800A00F97 /* RedisListTableDemo.swift in Sources */,
				4385D32E261ED26200BA8ED1 /* IndexView.swift in Sources */,
				4320AAF425B6740900A8E214 /* redis_proApp.swift in Sources */,
				43BCCD3726A91E85000BE45F /* FormItemSecure.swift in Sources */,
				43F22F1926A6690600A00F97 /* MLabel.swift in Sources */,
				43CD28AE267B6E0E00E11876 /* LoggerFactory.swift in Sources */,
				43CD286E2670A03800E11876 /* VersionManager.swift in Sources */,
				430A09DC25BEAD2700B60DFC /* RedisInsanceModel.swift in Sources */,
				43F22EEB269EC11E00A00F97 /* MAlert.swift in Sources */,
				437BC24E26461E2100E2C84D /* NumberHelper.swift in Sources */,
				431266F5261D912500FB6B69 /* StringEditorView.swift in Sources */,
				43CD28AC267B67C600E11876 /* PuppyLogger.swift in Sources */,
				431266CF261C4E0900FB6B69 /* RedisKeySearchRowView.swift in Sources */,
				43F22EF5269FCE6000A00F97 /* DateHelper.swift in Sources */,
				4314A34126243ED500053FEE /* PageBar.swift in Sources */,
				62CB3D7D2619AF990061E8C3 /* RedisKeyModel.swift in Sources */,
				437BC25126467A3D00E2C84D /* SidebarFooter.swift in Sources */,
				432A6AE126A7C43300F6DB64 /* RedisConfigTableController.swift in Sources */,
				4301C86626BBF86E00C08E19 /* SSHForward.swift in Sources */,
				4314A34F2625B46E00053FEE /* RediStackClient.swift in Sources */,
				43F22F0D26A15AD700A00F97 /* ZSetTableController.swift in Sources */,
				431266CC261C450300FB6B69 /* Tag.swift in Sources */,
				4340E2CE266660FE00F51F19 /* PromiseExt.swift in Sources */,
				4373C50C25C3FC81002B700E /* LoginForm.swift in Sources */,
				430A09D625BEA98300B60DFC /* RedisListView.swift in Sources */,
				431266E5261D4E2700FB6B69 /* RedisValueView.swift in Sources */,
				4370CE702685C4B2001E5787 /* ClientListTable.swift in Sources */,
				4301C82F26B0EEB800C08E19 /* Stopwatch.swift in Sources */,
				62CB3D752619AEC20061E8C3 /* RedisKeysListView.swift in Sources */,
				432A6ADF26A7C3D200F6DB64 /* RedisConfigView.swift in Sources */,
				43F22EFF26A129B300A00F97 /* RedisHashEntryModel.swift in Sources */,
				43F22F0726A1455D00A00F97 /* ListTableController.swift in Sources */,
				436BB6972644EED8008B4866 /* FormItemNumber.swift in Sources */,
				43DFEF3725C29288006EF535 /* FormItemInt.swift in Sources */,
				4313576D263AB6A20077EE46 /* MTextEditor.swift in Sources */,
				43481049262D30CE002809ED /* Helps.swift in Sources */,
				4314A33E2624370E00053FEE /* SearchBar.swift in Sources */,
				43F22EDD269BE6A800A00F97 /* RedisListTableController.swift in Sources */,
				431266DE261D45C500FB6B69 /* MIcon.swift in Sources */,
				437C09352649039000F1904C /* DatabasePicker.swift in Sources */,
				4301C84526BBE68400C08E19 /* SSHAuthentication.swift in Sources */,
				430A09E225C1559400B60DFC /* FormLabel.swift in Sources */,
				43BCCD3526A919B8000BE45F /* MSecureField.swift in Sources */,
				4301C86826BBFE8800C08E19 /* SSHRedisModel.swift in Sources */,
				43CD28B0267C6A9D00E11876 /* MainViewTypeEnum.swift in Sources */,
				43F22F1126A1603F00A00F97 /* StringHelper.swift in Sources */,
				432A6ADD26A6B7FA00F6DB64 /* SecureTextField.swift in Sources */,
				43BB012326390BC20039565E /* ModalView.swift in Sources */,
				43CD28712670C3DD00E11876 /* ColorSchemeEnum.swift in Sources */,
				434047FA2611C828001519F9 /* RedisFavoriteModel.swift in Sources */,
				43F22EED269ED9D500A00F97 /* SlowLogView.swift in Sources */,
				CE83D51C2758E8D1000DF09D /* FocusableTextField.swift in Sources */,
				4373C50925C3F218002B700E /* RedisModel.swift in Sources */,
				43F22ED92697FC5800A00F97 /* RedisKeysTableDemo.swift in Sources */,
				43F22EE5269C2E0900A00F97 /* TextViewController.swift in Sources */,
				431FD83F26BD160800151934 /* RedisConnectionTypeEnum.swift in Sources */,
				4373C50125C2E75B002B700E /* BizError.swift in Sources */,
				431266EE261D517500FB6B69 /* RedisKeyTypePicker.swift in Sources */,
				62CB3D792619AEEB0061E8C3 /* RedisKeyRowView.swift in Sources */,
				43F22EFD26A127CF00A00F97 /* HashEntryTableController.swift in Sources */,
				4314A344262546DF00053FEE /* Extensions.swift in Sources */,
				43CD28782671FA2A00E11876 /* RedisInfoModel.swift in Sources */,
				43F22EF3269EE03400A00F97 /* SlowLogTableController.swift in Sources */,
				437BC2492645413000E2C84D /* MDoubleField.swift in Sources */,
				43CD28B4267C6F1100E11876 /* ClientModel.swift in Sources */,
				62CB3D802619B09B0061E8C3 /* RedisKeyTypeEnum.swift in Sources */,
				437BC2452645272E00E2C84D /* DoubleFormatter.swift in Sources */,
				43135771263BB1560077EE46 /* ListEditorView.swift in Sources */,
				4373C4FE25C2DEC8002B700E /* MButton.swift in Sources */,
				4301C86426BBF62600C08E19 /* SSHRediStackClient.swift in Sources */,
				43822042265763D400DA7F9E /* RedisProCommands.swift in Sources */,
				430A09E625C155F800B60DFC /* FormItemText.swift in Sources */,
				4314A3642626B98700053FEE /* AlertContext.swift in Sources */,
			);
			runOnlyForDeploymentPostprocessing = 0;
		};
		4340E2B62666236200F51F19 /* Sources */ = {
			isa = PBXSourcesBuildPhase;
			buildActionMask = 2147483647;
			files = (
				4301C84226BA85C700C08E19 /* SSHTunnelTests.swift in Sources */,
				432A6AE726A7CE9C00F6DB64 /* NumberTests.swift in Sources */,
				43CD286A2670933F00E11876 /* CheckUpdateTests.swift in Sources */,
				4340E2C52666239F00F51F19 /* JsonPrettyFormatTests.swift in Sources */,
				4340E2BD2666236200F51F19 /* redisProTests.swift in Sources */,
			);
			runOnlyForDeploymentPostprocessing = 0;
		};
/* End PBXSourcesBuildPhase section */

/* Begin PBXTargetDependency section */
		4340E2C02666236200F51F19 /* PBXTargetDependency */ = {
			isa = PBXTargetDependency;
			target = 4320AAEF25B6740900A8E214 /* redis-pro */;
			targetProxy = 4340E2BF2666236200F51F19 /* PBXContainerItemProxy */;
		};
/* End PBXTargetDependency section */

/* Begin PBXVariantGroup section */
		43CD28A026732F4C00E11876 /* Localizable.strings */ = {
			isa = PBXVariantGroup;
			children = (
				43CD289F26732F4C00E11876 /* zh-Hans */,
				43CD28A126732F5000E11876 /* en */,
			);
			name = Localizable.strings;
			sourceTree = "<group>";
		};
/* End PBXVariantGroup section */

/* Begin XCBuildConfiguration section */
		4320AAFE25B6740A00A8E214 /* Debug */ = {
			isa = XCBuildConfiguration;
			buildSettings = {
				ALWAYS_SEARCH_USER_PATHS = NO;
				CLANG_ANALYZER_LOCALIZABILITY_NONLOCALIZED = YES;
				CLANG_ANALYZER_NONNULL = YES;
				CLANG_ANALYZER_NUMBER_OBJECT_CONVERSION = YES_AGGRESSIVE;
				CLANG_CXX_LANGUAGE_STANDARD = "gnu++14";
				CLANG_CXX_LIBRARY = "libc++";
				CLANG_ENABLE_MODULES = YES;
				CLANG_ENABLE_OBJC_ARC = YES;
				CLANG_ENABLE_OBJC_WEAK = YES;
				CLANG_WARN_BLOCK_CAPTURE_AUTORELEASING = YES;
				CLANG_WARN_BOOL_CONVERSION = YES;
				CLANG_WARN_COMMA = YES;
				CLANG_WARN_CONSTANT_CONVERSION = YES;
				CLANG_WARN_DEPRECATED_OBJC_IMPLEMENTATIONS = YES;
				CLANG_WARN_DIRECT_OBJC_ISA_USAGE = YES_ERROR;
				CLANG_WARN_DOCUMENTATION_COMMENTS = YES;
				CLANG_WARN_EMPTY_BODY = YES;
				CLANG_WARN_ENUM_CONVERSION = YES;
				CLANG_WARN_INFINITE_RECURSION = YES;
				CLANG_WARN_INT_CONVERSION = YES;
				CLANG_WARN_NON_LITERAL_NULL_CONVERSION = YES;
				CLANG_WARN_OBJC_IMPLICIT_RETAIN_SELF = YES;
				CLANG_WARN_OBJC_LITERAL_CONVERSION = YES;
				CLANG_WARN_OBJC_ROOT_CLASS = YES_ERROR;
				CLANG_WARN_QUOTED_INCLUDE_IN_FRAMEWORK_HEADER = YES;
				CLANG_WARN_RANGE_LOOP_ANALYSIS = YES;
				CLANG_WARN_STRICT_PROTOTYPES = YES;
				CLANG_WARN_SUSPICIOUS_MOVE = YES;
				CLANG_WARN_UNGUARDED_AVAILABILITY = YES_AGGRESSIVE;
				CLANG_WARN_UNREACHABLE_CODE = YES;
				CLANG_WARN__DUPLICATE_METHOD_MATCH = YES;
				COPY_PHASE_STRIP = NO;
				DEBUG_INFORMATION_FORMAT = dwarf;
				ENABLE_STRICT_OBJC_MSGSEND = YES;
				ENABLE_TESTABILITY = YES;
				GCC_C_LANGUAGE_STANDARD = gnu11;
				GCC_DYNAMIC_NO_PIC = NO;
				GCC_NO_COMMON_BLOCKS = YES;
				GCC_OPTIMIZATION_LEVEL = 0;
				GCC_PREPROCESSOR_DEFINITIONS = (
					"DEBUG=1",
					"$(inherited)",
				);
				GCC_WARN_64_TO_32_BIT_CONVERSION = YES;
				GCC_WARN_ABOUT_RETURN_TYPE = YES_ERROR;
				GCC_WARN_UNDECLARED_SELECTOR = YES;
				GCC_WARN_UNINITIALIZED_AUTOS = YES_AGGRESSIVE;
				GCC_WARN_UNUSED_FUNCTION = YES;
				GCC_WARN_UNUSED_VARIABLE = YES;
				MACOSX_DEPLOYMENT_TARGET = 11.0;
				MTL_ENABLE_DEBUG_INFO = INCLUDE_SOURCE;
				MTL_FAST_MATH = YES;
				ONLY_ACTIVE_ARCH = YES;
				SDKROOT = macosx;
				SWIFT_ACTIVE_COMPILATION_CONDITIONS = DEBUG;
				SWIFT_OPTIMIZATION_LEVEL = "-Onone";
			};
			name = Debug;
		};
		4320AAFF25B6740A00A8E214 /* Release */ = {
			isa = XCBuildConfiguration;
			buildSettings = {
				ALWAYS_SEARCH_USER_PATHS = NO;
				CLANG_ANALYZER_LOCALIZABILITY_NONLOCALIZED = YES;
				CLANG_ANALYZER_NONNULL = YES;
				CLANG_ANALYZER_NUMBER_OBJECT_CONVERSION = YES_AGGRESSIVE;
				CLANG_CXX_LANGUAGE_STANDARD = "gnu++14";
				CLANG_CXX_LIBRARY = "libc++";
				CLANG_ENABLE_MODULES = YES;
				CLANG_ENABLE_OBJC_ARC = YES;
				CLANG_ENABLE_OBJC_WEAK = YES;
				CLANG_WARN_BLOCK_CAPTURE_AUTORELEASING = YES;
				CLANG_WARN_BOOL_CONVERSION = YES;
				CLANG_WARN_COMMA = YES;
				CLANG_WARN_CONSTANT_CONVERSION = YES;
				CLANG_WARN_DEPRECATED_OBJC_IMPLEMENTATIONS = YES;
				CLANG_WARN_DIRECT_OBJC_ISA_USAGE = YES_ERROR;
				CLANG_WARN_DOCUMENTATION_COMMENTS = YES;
				CLANG_WARN_EMPTY_BODY = YES;
				CLANG_WARN_ENUM_CONVERSION = YES;
				CLANG_WARN_INFINITE_RECURSION = YES;
				CLANG_WARN_INT_CONVERSION = YES;
				CLANG_WARN_NON_LITERAL_NULL_CONVERSION = YES;
				CLANG_WARN_OBJC_IMPLICIT_RETAIN_SELF = YES;
				CLANG_WARN_OBJC_LITERAL_CONVERSION = YES;
				CLANG_WARN_OBJC_ROOT_CLASS = YES_ERROR;
				CLANG_WARN_QUOTED_INCLUDE_IN_FRAMEWORK_HEADER = YES;
				CLANG_WARN_RANGE_LOOP_ANALYSIS = YES;
				CLANG_WARN_STRICT_PROTOTYPES = YES;
				CLANG_WARN_SUSPICIOUS_MOVE = YES;
				CLANG_WARN_UNGUARDED_AVAILABILITY = YES_AGGRESSIVE;
				CLANG_WARN_UNREACHABLE_CODE = YES;
				CLANG_WARN__DUPLICATE_METHOD_MATCH = YES;
				COPY_PHASE_STRIP = NO;
				DEBUG_INFORMATION_FORMAT = "dwarf-with-dsym";
				ENABLE_NS_ASSERTIONS = NO;
				ENABLE_STRICT_OBJC_MSGSEND = YES;
				GCC_C_LANGUAGE_STANDARD = gnu11;
				GCC_NO_COMMON_BLOCKS = YES;
				GCC_WARN_64_TO_32_BIT_CONVERSION = YES;
				GCC_WARN_ABOUT_RETURN_TYPE = YES_ERROR;
				GCC_WARN_UNDECLARED_SELECTOR = YES;
				GCC_WARN_UNINITIALIZED_AUTOS = YES_AGGRESSIVE;
				GCC_WARN_UNUSED_FUNCTION = YES;
				GCC_WARN_UNUSED_VARIABLE = YES;
				MACOSX_DEPLOYMENT_TARGET = 11.0;
				MTL_ENABLE_DEBUG_INFO = NO;
				MTL_FAST_MATH = YES;
				SDKROOT = macosx;
				SWIFT_COMPILATION_MODE = wholemodule;
				SWIFT_OPTIMIZATION_LEVEL = "-O";
			};
			name = Release;
		};
		4320AB0125B6740A00A8E214 /* Debug */ = {
			isa = XCBuildConfiguration;
			buildSettings = {
				ASSETCATALOG_COMPILER_APPICON_NAME = AppIcon;
				ASSETCATALOG_COMPILER_GLOBAL_ACCENT_COLOR_NAME = AccentColor;
				CODE_SIGN_ENTITLEMENTS = "redis-pro/redis_pro.entitlements";
				CODE_SIGN_IDENTITY = "-";
				CODE_SIGN_STYLE = Automatic;
				COMBINE_HIDPI_IMAGES = YES;
				CURRENT_PROJECT_VERSION = 8;
				DEVELOPMENT_ASSET_PATHS = "\"redis-pro/Preview Content\"";
				ENABLE_PREVIEWS = YES;
				INFOPLIST_FILE = "redis-pro/Info.plist";
				LD_RUNPATH_SEARCH_PATHS = (
					"$(inherited)",
					"@executable_path/../Frameworks",
				);
				MACOSX_DEPLOYMENT_TARGET = 11.0;
				MARKETING_VERSION = 1.4.1;
				PRODUCT_BUNDLE_IDENTIFIER = "com.cmushroom.redis-pro";
				PRODUCT_NAME = "$(TARGET_NAME)";
				SWIFT_VERSION = 5.0;
			};
			name = Debug;
		};
		4320AB0225B6740A00A8E214 /* Release */ = {
			isa = XCBuildConfiguration;
			buildSettings = {
				ASSETCATALOG_COMPILER_APPICON_NAME = AppIcon;
				ASSETCATALOG_COMPILER_GLOBAL_ACCENT_COLOR_NAME = AccentColor;
				CODE_SIGN_ENTITLEMENTS = "redis-pro/redis-proRelease.entitlements";
				CODE_SIGN_IDENTITY = "-";
				CODE_SIGN_STYLE = Automatic;
				COMBINE_HIDPI_IMAGES = YES;
				CURRENT_PROJECT_VERSION = 8;
				DEVELOPMENT_ASSET_PATHS = "\"redis-pro/Preview Content\"";
				DEVELOPMENT_TEAM = "";
				ENABLE_PREVIEWS = YES;
				INFOPLIST_FILE = "redis-pro/Info.plist";
				LD_RUNPATH_SEARCH_PATHS = (
					"$(inherited)",
					"@executable_path/../Frameworks",
				);
				MACOSX_DEPLOYMENT_TARGET = 11.0;
				MARKETING_VERSION = 1.4.1;
				PRODUCT_BUNDLE_IDENTIFIER = "com.cmushroom.redis-pro";
				PRODUCT_NAME = "$(TARGET_NAME)";
				PROVISIONING_PROFILE_SPECIFIER = "";
				SWIFT_VERSION = 5.0;
			};
			name = Release;
		};
		4340E2C22666236200F51F19 /* Debug */ = {
			isa = XCBuildConfiguration;
			buildSettings = {
				BUNDLE_LOADER = "$(TEST_HOST)";
				CODE_SIGN_STYLE = Automatic;
				COMBINE_HIDPI_IMAGES = YES;
				INFOPLIST_FILE = redisProTests/Info.plist;
				LD_RUNPATH_SEARCH_PATHS = (
					"$(inherited)",
					"@executable_path/../Frameworks",
					"@loader_path/../Frameworks",
				);
				MACOSX_DEPLOYMENT_TARGET = 11.3;
				PRODUCT_BUNDLE_IDENTIFIER = com.cmushroom.redisProTests;
				PRODUCT_NAME = "$(TARGET_NAME)";
				SWIFT_VERSION = 5.0;
				TEST_HOST = "$(BUILT_PRODUCTS_DIR)/redis-pro.app/Contents/MacOS/redis-pro";
			};
			name = Debug;
		};
		4340E2C32666236200F51F19 /* Release */ = {
			isa = XCBuildConfiguration;
			buildSettings = {
				BUNDLE_LOADER = "$(TEST_HOST)";
				CODE_SIGN_STYLE = Automatic;
				COMBINE_HIDPI_IMAGES = YES;
				INFOPLIST_FILE = redisProTests/Info.plist;
				LD_RUNPATH_SEARCH_PATHS = (
					"$(inherited)",
					"@executable_path/../Frameworks",
					"@loader_path/../Frameworks",
				);
				MACOSX_DEPLOYMENT_TARGET = 11.3;
				PRODUCT_BUNDLE_IDENTIFIER = com.cmushroom.redisProTests;
				PRODUCT_NAME = "$(TARGET_NAME)";
				SWIFT_VERSION = 5.0;
				TEST_HOST = "$(BUILT_PRODUCTS_DIR)/redis-pro.app/Contents/MacOS/redis-pro";
			};
			name = Release;
		};
/* End XCBuildConfiguration section */

/* Begin XCConfigurationList section */
		4320AAEB25B6740900A8E214 /* Build configuration list for PBXProject "redis-pro" */ = {
			isa = XCConfigurationList;
			buildConfigurations = (
				4320AAFE25B6740A00A8E214 /* Debug */,
				4320AAFF25B6740A00A8E214 /* Release */,
			);
			defaultConfigurationIsVisible = 0;
			defaultConfigurationName = Release;
		};
		4320AB0025B6740A00A8E214 /* Build configuration list for PBXNativeTarget "redis-pro" */ = {
			isa = XCConfigurationList;
			buildConfigurations = (
				4320AB0125B6740A00A8E214 /* Debug */,
				4320AB0225B6740A00A8E214 /* Release */,
			);
			defaultConfigurationIsVisible = 0;
			defaultConfigurationName = Release;
		};
		4340E2C12666236200F51F19 /* Build configuration list for PBXNativeTarget "redisProTests" */ = {
			isa = XCConfigurationList;
			buildConfigurations = (
				4340E2C22666236200F51F19 /* Debug */,
				4340E2C32666236200F51F19 /* Release */,
			);
			defaultConfigurationIsVisible = 0;
			defaultConfigurationName = Release;
		};
/* End XCConfigurationList section */

/* Begin XCRemoteSwiftPackageReference section */
		4301C82626AE8DE500C08E19 /* XCRemoteSwiftPackageReference "swift-crypto" */ = {
			isa = XCRemoteSwiftPackageReference;
			repositoryURL = "https://gitee.com/mirrors_apple/swift-crypto.git";
			requirement = {
				kind = upToNextMajorVersion;
				minimumVersion = 1.1.6;
			};
		};
		4301C82926AE8E0400C08E19 /* XCRemoteSwiftPackageReference "swift-nio-ssh" */ = {
			isa = XCRemoteSwiftPackageReference;
			repositoryURL = "https://gitee.com/mirrors_apple/swift-nio-ssh.git";
			requirement = {
				kind = upToNextMajorVersion;
				minimumVersion = 0.3.0;
			};
		};
		4340E2C62666257500F51F19 /* XCRemoteSwiftPackageReference "SwiftyJSON" */ = {
			isa = XCRemoteSwiftPackageReference;
			repositoryURL = "https://gitee.com/chengpan168_admin/SwiftyJSON.git";
			requirement = {
				kind = upToNextMajorVersion;
				minimumVersion = 5.0.1;
			};
		};
		436BB68526440584008B4866 /* XCRemoteSwiftPackageReference "swift-metrics" */ = {
			isa = XCRemoteSwiftPackageReference;
			repositoryURL = "https://gitee.com/mirrors_apple/swift-metrics.git";
			requirement = {
				kind = upToNextMajorVersion;
				minimumVersion = 2.1.1;
			};
		};
		438BBEB32655015D00B458BF /* XCRemoteSwiftPackageReference "plcrashreporter" */ = {
			isa = XCRemoteSwiftPackageReference;
			repositoryURL = "https://gitee.com/chengpan168_admin/plcrashreporter.git";
			requirement = {
				kind = upToNextMajorVersion;
				minimumVersion = 1.8.1;
			};
		};
		43CD28A8267B64FA00E11876 /* XCRemoteSwiftPackageReference "Puppy" */ = {
			isa = XCRemoteSwiftPackageReference;
			repositoryURL = "https://gitee.com/chengpan168_admin/Puppy.git";
			requirement = {
				kind = upToNextMajorVersion;
				minimumVersion = 0.2.0;
			};
		};
		623704F8265A27970084CCA8 /* XCRemoteSwiftPackageReference "RediStack" */ = {
			isa = XCRemoteSwiftPackageReference;
			repositoryURL = "https://gitee.com/chengpan168_admin/RediStack.git";
			requirement = {
				kind = upToNextMajorVersion;
				minimumVersion = 1.1.2;
			};
		};
		62C48933265A13BB00D68D06 /* XCRemoteSwiftPackageReference "swift-service-discovery" */ = {
			isa = XCRemoteSwiftPackageReference;
			repositoryURL = "https://gitee.com/mirrors_apple/swift-service-discovery.git";
			requirement = {
				kind = upToNextMajorVersion;
				minimumVersion = 1.0.0;
			};
		};
		CE14E2A827561BE1004862F7 /* XCRemoteSwiftPackageReference "swift-log" */ = {
			isa = XCRemoteSwiftPackageReference;
			repositoryURL = "git@github.com:apple/swift-log.git";
			requirement = {
				kind = upToNextMajorVersion;
				minimumVersion = 1.0.0;
			};
		};
		CE83D51327563931000DF09D /* XCRemoteSwiftPackageReference "PromiseKit" */ = {
			isa = XCRemoteSwiftPackageReference;
			repositoryURL = "https://github.com/mxcl/PromiseKit.git";
			requirement = {
				kind = versionRange;
				maximumVersion = 7.0.0;
				minimumVersion = 6.16.0;
			};
		};
		CE83D51627563C28000DF09D /* XCRemoteSwiftPackageReference "appcenter-sdk-apple" */ = {
			isa = XCRemoteSwiftPackageReference;
			repositoryURL = "https://gitee.com/chengpan168_admin/appcenter-sdk-apple.git";
			requirement = {
				kind = upToNextMajorVersion;
				minimumVersion = 4.3.0;
			};
		};
		CEB3752F275618B900276E8C /* XCRemoteSwiftPackageReference "swift-nio" */ = {
			isa = XCRemoteSwiftPackageReference;
			repositoryURL = "git@gitee.com:chengpan168_admin/swift-nio.git";
			requirement = {
				kind = upToNextMajorVersion;
				minimumVersion = 2.0.0;
			};
		};
/* End XCRemoteSwiftPackageReference section */

/* Begin XCSwiftPackageProductDependency section */
		4301C82726AE8DE500C08E19 /* Crypto */ = {
			isa = XCSwiftPackageProductDependency;
			package = 4301C82626AE8DE500C08E19 /* XCRemoteSwiftPackageReference "swift-crypto" */;
			productName = Crypto;
		};
		4301C82A26AE8E0400C08E19 /* NIOSSH */ = {
			isa = XCSwiftPackageProductDependency;
			package = 4301C82926AE8E0400C08E19 /* XCRemoteSwiftPackageReference "swift-nio-ssh" */;
			productName = NIOSSH;
		};
		4340E2C72666257500F51F19 /* SwiftyJSON */ = {
			isa = XCSwiftPackageProductDependency;
			package = 4340E2C62666257500F51F19 /* XCRemoteSwiftPackageReference "SwiftyJSON" */;
			productName = SwiftyJSON;
		};
		436BB68626440584008B4866 /* CoreMetrics */ = {
			isa = XCSwiftPackageProductDependency;
			package = 436BB68526440584008B4866 /* XCRemoteSwiftPackageReference "swift-metrics" */;
			productName = CoreMetrics;
		};
		436BB68826440584008B4866 /* Metrics */ = {
			isa = XCSwiftPackageProductDependency;
			package = 436BB68526440584008B4866 /* XCRemoteSwiftPackageReference "swift-metrics" */;
			productName = Metrics;
		};
		438BBEB42655015D00B458BF /* CrashReporter */ = {
			isa = XCSwiftPackageProductDependency;
			package = 438BBEB32655015D00B458BF /* XCRemoteSwiftPackageReference "plcrashreporter" */;
			productName = CrashReporter;
		};
		43CD28A9267B64FA00E11876 /* Puppy */ = {
			isa = XCSwiftPackageProductDependency;
			package = 43CD28A8267B64FA00E11876 /* XCRemoteSwiftPackageReference "Puppy" */;
			productName = Puppy;
		};
		623704F9265A27970084CCA8 /* RediStack */ = {
			isa = XCSwiftPackageProductDependency;
			package = 623704F8265A27970084CCA8 /* XCRemoteSwiftPackageReference "RediStack" */;
			productName = RediStack;
		};
		623704FB265A27970084CCA8 /* RedisTypes */ = {
			isa = XCSwiftPackageProductDependency;
			package = 623704F8265A27970084CCA8 /* XCRemoteSwiftPackageReference "RediStack" */;
			productName = RedisTypes;
		};
		62C48934265A13BB00D68D06 /* ServiceDiscovery */ = {
			isa = XCSwiftPackageProductDependency;
			package = 62C48933265A13BB00D68D06 /* XCRemoteSwiftPackageReference "swift-service-discovery" */;
			productName = ServiceDiscovery;
		};
		CE14E2A927561BE1004862F7 /* Logging */ = {
			isa = XCSwiftPackageProductDependency;
			package = CE14E2A827561BE1004862F7 /* XCRemoteSwiftPackageReference "swift-log" */;
			productName = Logging;
		};
		CE83D51427563931000DF09D /* PromiseKit */ = {
			isa = XCSwiftPackageProductDependency;
			package = CE83D51327563931000DF09D /* XCRemoteSwiftPackageReference "PromiseKit" */;
			productName = PromiseKit;
		};
		CE83D51727563C28000DF09D /* AppCenterAnalytics */ = {
			isa = XCSwiftPackageProductDependency;
			package = CE83D51627563C28000DF09D /* XCRemoteSwiftPackageReference "appcenter-sdk-apple" */;
			productName = AppCenterAnalytics;
		};
		CE83D51927563C28000DF09D /* AppCenterCrashes */ = {
			isa = XCSwiftPackageProductDependency;
			package = CE83D51627563C28000DF09D /* XCRemoteSwiftPackageReference "appcenter-sdk-apple" */;
			productName = AppCenterCrashes;
		};
		CEB37530275618B900276E8C /* NIO */ = {
			isa = XCSwiftPackageProductDependency;
			package = CEB3752F275618B900276E8C /* XCRemoteSwiftPackageReference "swift-nio" */;
			productName = NIO;
		};
		CEB37532275618B900276E8C /* NIOConcurrencyHelpers */ = {
			isa = XCSwiftPackageProductDependency;
			package = CEB3752F275618B900276E8C /* XCRemoteSwiftPackageReference "swift-nio" */;
			productName = NIOConcurrencyHelpers;
		};
		CEB37534275618B900276E8C /* NIOCore */ = {
			isa = XCSwiftPackageProductDependency;
			package = CEB3752F275618B900276E8C /* XCRemoteSwiftPackageReference "swift-nio" */;
			productName = NIOCore;
		};
		CEB37536275618B900276E8C /* NIOEmbedded */ = {
			isa = XCSwiftPackageProductDependency;
			package = CEB3752F275618B900276E8C /* XCRemoteSwiftPackageReference "swift-nio" */;
			productName = NIOEmbedded;
		};
		CEB37538275618B900276E8C /* NIOFoundationCompat */ = {
			isa = XCSwiftPackageProductDependency;
			package = CEB3752F275618B900276E8C /* XCRemoteSwiftPackageReference "swift-nio" */;
			productName = NIOFoundationCompat;
		};
		CEB3753A275618B900276E8C /* NIOHTTP1 */ = {
			isa = XCSwiftPackageProductDependency;
			package = CEB3752F275618B900276E8C /* XCRemoteSwiftPackageReference "swift-nio" */;
			productName = NIOHTTP1;
		};
		CEB3753C275618B900276E8C /* NIOPosix */ = {
			isa = XCSwiftPackageProductDependency;
			package = CEB3752F275618B900276E8C /* XCRemoteSwiftPackageReference "swift-nio" */;
			productName = NIOPosix;
		};
		CEB3753E275618B900276E8C /* NIOTLS */ = {
			isa = XCSwiftPackageProductDependency;
			package = CEB3752F275618B900276E8C /* XCRemoteSwiftPackageReference "swift-nio" */;
			productName = NIOTLS;
		};
/* End XCSwiftPackageProductDependency section */
	};
	rootObject = 4320AAE825B6740900A8E214 /* Project object */;
}
