// !$*UTF8*$!
{
	archiveVersion = 1;
	classes = {
	};
	objectVersion = 54;
	objects = {

/* Begin PBXBuildFile section */
		430A09D025BE66E600B60DFC /* LandmarkCommands.swift in Sources */ = {isa = PBXBuildFile; fileRef = 430A09CF25BE66E600B60DFC /* LandmarkCommands.swift */; };
		430A09D325BEA91700B60DFC /* LoginView.swift in Sources */ = {isa = PBXBuildFile; fileRef = 430A09D225BEA91700B60DFC /* LoginView.swift */; };
		430A09D625BEA98300B60DFC /* RedisList.swift in Sources */ = {isa = PBXBuildFile; fileRef = 430A09D525BEA98300B60DFC /* RedisList.swift */; };
		430A09D925BEA9A700B60DFC /* RedisRow.swift in Sources */ = {isa = PBXBuildFile; fileRef = 430A09D825BEA9A700B60DFC /* RedisRow.swift */; };
		430A09DC25BEAD2700B60DFC /* RedisInsanceModel.swift in Sources */ = {isa = PBXBuildFile; fileRef = 430A09DB25BEAD2700B60DFC /* RedisInsanceModel.swift */; };
		430A09E225C1559400B60DFC /* FormLabel.swift in Sources */ = {isa = PBXBuildFile; fileRef = 430A09E125C1559400B60DFC /* FormLabel.swift */; };
		430A09E625C155F800B60DFC /* FormItemText.swift in Sources */ = {isa = PBXBuildFile; fileRef = 430A09E525C155F800B60DFC /* FormItemText.swift */; };
		431266C82617080D00FB6B69 /* RedisQuickRow.swift in Sources */ = {isa = PBXBuildFile; fileRef = 431266C72617080D00FB6B69 /* RedisQuickRow.swift */; };
		431266CC261C450300FB6B69 /* Tag.swift in Sources */ = {isa = PBXBuildFile; fileRef = 431266CB261C450300FB6B69 /* Tag.swift */; };
		431266CF261C4E0900FB6B69 /* RedisKeySearchRowView.swift in Sources */ = {isa = PBXBuildFile; fileRef = 431266CE261C4E0900FB6B69 /* RedisKeySearchRowView.swift */; };
		431266D5261C5C9000FB6B69 /* ButtonTypeEnum.swift in Sources */ = {isa = PBXBuildFile; fileRef = 431266D4261C5C9000FB6B69 /* ButtonTypeEnum.swift */; };
		431266D8261C66E100FB6B69 /* MTheme.swift in Sources */ = {isa = PBXBuildFile; fileRef = 431266D7261C66E100FB6B69 /* MTheme.swift */; };
		431266DE261D45C500FB6B69 /* MIcon.swift in Sources */ = {isa = PBXBuildFile; fileRef = 431266DD261D45C500FB6B69 /* MIcon.swift */; };
		431266E5261D4E2700FB6B69 /* RedisValueView.swift in Sources */ = {isa = PBXBuildFile; fileRef = 431266E4261D4E2700FB6B69 /* RedisValueView.swift */; };
		431266E8261D4E4100FB6B69 /* RedisValueHeaderView.swift in Sources */ = {isa = PBXBuildFile; fileRef = 431266E7261D4E4100FB6B69 /* RedisValueHeaderView.swift */; };
		431266EB261D4EED00FB6B69 /* RedisKeyValueModel.swift in Sources */ = {isa = PBXBuildFile; fileRef = 431266EA261D4EED00FB6B69 /* RedisKeyValueModel.swift */; };
		431266EE261D517500FB6B69 /* RedisKeyTypePicker.swift in Sources */ = {isa = PBXBuildFile; fileRef = 431266ED261D517500FB6B69 /* RedisKeyTypePicker.swift */; };
		431266F2261D89E600FB6B69 /* RedisValueEditView.swift in Sources */ = {isa = PBXBuildFile; fileRef = 431266F1261D89E600FB6B69 /* RedisValueEditView.swift */; };
		431266F5261D912500FB6B69 /* StringEditView.swift in Sources */ = {isa = PBXBuildFile; fileRef = 431266F4261D912500FB6B69 /* StringEditView.swift */; };
		4320AAF425B6740900A8E214 /* redis_proApp.swift in Sources */ = {isa = PBXBuildFile; fileRef = 4320AAF325B6740900A8E214 /* redis_proApp.swift */; };
		4320AAF625B6740900A8E214 /* ContentView.swift in Sources */ = {isa = PBXBuildFile; fileRef = 4320AAF525B6740900A8E214 /* ContentView.swift */; };
		4320AAF825B6740A00A8E214 /* Assets.xcassets in Resources */ = {isa = PBXBuildFile; fileRef = 4320AAF725B6740A00A8E214 /* Assets.xcassets */; };
		4320AAFB25B6740A00A8E214 /* Preview Assets.xcassets in Resources */ = {isa = PBXBuildFile; fileRef = 4320AAFA25B6740A00A8E214 /* Preview Assets.xcassets */; };
		4320AB0525B67A1200A8E214 /* CircleImage.swift in Sources */ = {isa = PBXBuildFile; fileRef = 4320AB0425B67A1200A8E214 /* CircleImage.swift */; };
		4320AB0825B67BB600A8E214 /* MapView.swift in Sources */ = {isa = PBXBuildFile; fileRef = 4320AB0725B67BB600A8E214 /* MapView.swift */; };
		4320AB0B25B67D0100A8E214 /* landmarkData.json in Resources */ = {isa = PBXBuildFile; fileRef = 4320AB0A25B67D0100A8E214 /* landmarkData.json */; };
		4320AB0E25B67D1C00A8E214 /* Landmark.swift in Sources */ = {isa = PBXBuildFile; fileRef = 4320AB0D25B67D1C00A8E214 /* Landmark.swift */; };
		4320AB1125B67DC800A8E214 /* ModelData.swift in Sources */ = {isa = PBXBuildFile; fileRef = 4320AB1025B67DC800A8E214 /* ModelData.swift */; };
		4320AB1B25B67E6800A8E214 /* LandmarkRow.swift in Sources */ = {isa = PBXBuildFile; fileRef = 4320AB1A25B67E6800A8E214 /* LandmarkRow.swift */; };
		4320AB1F25B6802E00A8E214 /* LandmarkList.swift in Sources */ = {isa = PBXBuildFile; fileRef = 4320AB1E25B6802E00A8E214 /* LandmarkList.swift */; };
		4320AB2225B681DA00A8E214 /* LandmarkDetail.swift in Sources */ = {isa = PBXBuildFile; fileRef = 4320AB2125B681DA00A8E214 /* LandmarkDetail.swift */; };
		434047FA2611C828001519F9 /* RedisFavoriteModel.swift in Sources */ = {isa = PBXBuildFile; fileRef = 434047F92611C828001519F9 /* RedisFavoriteModel.swift */; };
		4373C4FE25C2DEC8002B700E /* MButton.swift in Sources */ = {isa = PBXBuildFile; fileRef = 4373C4FD25C2DEC8002B700E /* MButton.swift */; };
		4373C50125C2E75B002B700E /* BizError.swift in Sources */ = {isa = PBXBuildFile; fileRef = 4373C50025C2E75B002B700E /* BizError.swift */; };
		4373C50525C3F0B6002B700E /* UserDefaultsKeysEnum.swift in Sources */ = {isa = PBXBuildFile; fileRef = 4373C50425C3F0B6002B700E /* UserDefaultsKeysEnum.swift */; };
		4373C50925C3F218002B700E /* RedisModel.swift in Sources */ = {isa = PBXBuildFile; fileRef = 4373C50825C3F218002B700E /* RedisModel.swift */; };
		4373C50C25C3FC81002B700E /* LoginForm.swift in Sources */ = {isa = PBXBuildFile; fileRef = 4373C50B25C3FC81002B700E /* LoginForm.swift */; };
		4385D32E261ED26200BA8ED1 /* IndexView.swift in Sources */ = {isa = PBXBuildFile; fileRef = 4385D32D261ED26200BA8ED1 /* IndexView.swift */; };
		43DFEF3725C29288006EF535 /* FormItemInt.swift in Sources */ = {isa = PBXBuildFile; fileRef = 43DFEF3625C29288006EF535 /* FormItemInt.swift */; };
		6262F4172619A27700C66E4D /* Logging in Frameworks */ = {isa = PBXBuildFile; productRef = 6262F4162619A27700C66E4D /* Logging */; };
		6262F41B2619A7BF00C66E4D /* NIO in Frameworks */ = {isa = PBXBuildFile; productRef = 6262F41A2619A7BF00C66E4D /* NIO */; };
		62CB3D6A2619A80F0061E8C3 /* RediStack in Frameworks */ = {isa = PBXBuildFile; productRef = 62CB3D692619A80F0061E8C3 /* RediStack */; };
		62CB3D6C2619A80F0061E8C3 /* RedisTypes in Frameworks */ = {isa = PBXBuildFile; productRef = 62CB3D6B2619A80F0061E8C3 /* RedisTypes */; };
		62CB3D722619AE050061E8C3 /* HomeView.swift in Sources */ = {isa = PBXBuildFile; fileRef = 62CB3D712619AE050061E8C3 /* HomeView.swift */; };
		62CB3D752619AEC20061E8C3 /* RedisKeysListView.swift in Sources */ = {isa = PBXBuildFile; fileRef = 62CB3D742619AEC20061E8C3 /* RedisKeysListView.swift */; };
		62CB3D792619AEEB0061E8C3 /* RedisKeyRowView.swift in Sources */ = {isa = PBXBuildFile; fileRef = 62CB3D782619AEEB0061E8C3 /* RedisKeyRowView.swift */; };
		62CB3D7D2619AF990061E8C3 /* RedisKeyModel.swift in Sources */ = {isa = PBXBuildFile; fileRef = 62CB3D7C2619AF990061E8C3 /* RedisKeyModel.swift */; };
		62CB3D802619B09B0061E8C3 /* RedisKeyTypeEnum.swift in Sources */ = {isa = PBXBuildFile; fileRef = 62CB3D7F2619B09B0061E8C3 /* RedisKeyTypeEnum.swift */; };
/* End PBXBuildFile section */

/* Begin PBXFileReference section */
		430A09CF25BE66E600B60DFC /* LandmarkCommands.swift */ = {isa = PBXFileReference; lastKnownFileType = sourcecode.swift; path = LandmarkCommands.swift; sourceTree = "<group>"; };
		430A09D225BEA91700B60DFC /* LoginView.swift */ = {isa = PBXFileReference; lastKnownFileType = sourcecode.swift; path = LoginView.swift; sourceTree = "<group>"; };
		430A09D525BEA98300B60DFC /* RedisList.swift */ = {isa = PBXFileReference; lastKnownFileType = sourcecode.swift; path = RedisList.swift; sourceTree = "<group>"; };
		430A09D825BEA9A700B60DFC /* RedisRow.swift */ = {isa = PBXFileReference; lastKnownFileType = sourcecode.swift; path = RedisRow.swift; sourceTree = "<group>"; };
		430A09DB25BEAD2700B60DFC /* RedisInsanceModel.swift */ = {isa = PBXFileReference; lastKnownFileType = sourcecode.swift; path = RedisInsanceModel.swift; sourceTree = "<group>"; };
		430A09E125C1559400B60DFC /* FormLabel.swift */ = {isa = PBXFileReference; lastKnownFileType = sourcecode.swift; path = FormLabel.swift; sourceTree = "<group>"; };
		430A09E525C155F800B60DFC /* FormItemText.swift */ = {isa = PBXFileReference; lastKnownFileType = sourcecode.swift; path = FormItemText.swift; sourceTree = "<group>"; };
		431266C72617080D00FB6B69 /* RedisQuickRow.swift */ = {isa = PBXFileReference; lastKnownFileType = sourcecode.swift; path = RedisQuickRow.swift; sourceTree = "<group>"; };
		431266CB261C450300FB6B69 /* Tag.swift */ = {isa = PBXFileReference; lastKnownFileType = sourcecode.swift; path = Tag.swift; sourceTree = "<group>"; };
		431266CE261C4E0900FB6B69 /* RedisKeySearchRowView.swift */ = {isa = PBXFileReference; lastKnownFileType = sourcecode.swift; path = RedisKeySearchRowView.swift; sourceTree = "<group>"; };
		431266D4261C5C9000FB6B69 /* ButtonTypeEnum.swift */ = {isa = PBXFileReference; lastKnownFileType = sourcecode.swift; path = ButtonTypeEnum.swift; sourceTree = "<group>"; };
		431266D7261C66E100FB6B69 /* MTheme.swift */ = {isa = PBXFileReference; lastKnownFileType = sourcecode.swift; path = MTheme.swift; sourceTree = "<group>"; };
		431266DD261D45C500FB6B69 /* MIcon.swift */ = {isa = PBXFileReference; lastKnownFileType = sourcecode.swift; path = MIcon.swift; sourceTree = "<group>"; };
		431266E4261D4E2700FB6B69 /* RedisValueView.swift */ = {isa = PBXFileReference; lastKnownFileType = sourcecode.swift; path = RedisValueView.swift; sourceTree = "<group>"; };
		431266E7261D4E4100FB6B69 /* RedisValueHeaderView.swift */ = {isa = PBXFileReference; lastKnownFileType = sourcecode.swift; path = RedisValueHeaderView.swift; sourceTree = "<group>"; };
		431266EA261D4EED00FB6B69 /* RedisKeyValueModel.swift */ = {isa = PBXFileReference; lastKnownFileType = sourcecode.swift; path = RedisKeyValueModel.swift; sourceTree = "<group>"; };
		431266ED261D517500FB6B69 /* RedisKeyTypePicker.swift */ = {isa = PBXFileReference; lastKnownFileType = sourcecode.swift; path = RedisKeyTypePicker.swift; sourceTree = "<group>"; };
		431266F1261D89E600FB6B69 /* RedisValueEditView.swift */ = {isa = PBXFileReference; lastKnownFileType = sourcecode.swift; path = RedisValueEditView.swift; sourceTree = "<group>"; };
		431266F4261D912500FB6B69 /* StringEditView.swift */ = {isa = PBXFileReference; lastKnownFileType = sourcecode.swift; path = StringEditView.swift; sourceTree = "<group>"; };
		4320AAF025B6740900A8E214 /* redis-pro.app */ = {isa = PBXFileReference; explicitFileType = wrapper.application; includeInIndex = 0; path = "redis-pro.app"; sourceTree = BUILT_PRODUCTS_DIR; };
		4320AAF325B6740900A8E214 /* redis_proApp.swift */ = {isa = PBXFileReference; lastKnownFileType = sourcecode.swift; path = redis_proApp.swift; sourceTree = "<group>"; };
		4320AAF525B6740900A8E214 /* ContentView.swift */ = {isa = PBXFileReference; lastKnownFileType = sourcecode.swift; path = ContentView.swift; sourceTree = "<group>"; };
		4320AAF725B6740A00A8E214 /* Assets.xcassets */ = {isa = PBXFileReference; lastKnownFileType = folder.assetcatalog; path = Assets.xcassets; sourceTree = "<group>"; };
		4320AAFA25B6740A00A8E214 /* Preview Assets.xcassets */ = {isa = PBXFileReference; lastKnownFileType = folder.assetcatalog; path = "Preview Assets.xcassets"; sourceTree = "<group>"; };
		4320AAFC25B6740A00A8E214 /* Info.plist */ = {isa = PBXFileReference; lastKnownFileType = text.plist.xml; path = Info.plist; sourceTree = "<group>"; };
		4320AAFD25B6740A00A8E214 /* redis_pro.entitlements */ = {isa = PBXFileReference; lastKnownFileType = text.plist.entitlements; path = redis_pro.entitlements; sourceTree = "<group>"; };
		4320AB0425B67A1200A8E214 /* CircleImage.swift */ = {isa = PBXFileReference; lastKnownFileType = sourcecode.swift; path = CircleImage.swift; sourceTree = "<group>"; };
		4320AB0725B67BB600A8E214 /* MapView.swift */ = {isa = PBXFileReference; lastKnownFileType = sourcecode.swift; path = MapView.swift; sourceTree = "<group>"; };
		4320AB0A25B67D0100A8E214 /* landmarkData.json */ = {isa = PBXFileReference; fileEncoding = 4; lastKnownFileType = text.json; path = landmarkData.json; sourceTree = "<group>"; };
		4320AB0D25B67D1C00A8E214 /* Landmark.swift */ = {isa = PBXFileReference; lastKnownFileType = sourcecode.swift; path = Landmark.swift; sourceTree = "<group>"; };
		4320AB1025B67DC800A8E214 /* ModelData.swift */ = {isa = PBXFileReference; lastKnownFileType = sourcecode.swift; path = ModelData.swift; sourceTree = "<group>"; };
		4320AB1A25B67E6800A8E214 /* LandmarkRow.swift */ = {isa = PBXFileReference; lastKnownFileType = sourcecode.swift; path = LandmarkRow.swift; sourceTree = "<group>"; };
		4320AB1E25B6802E00A8E214 /* LandmarkList.swift */ = {isa = PBXFileReference; lastKnownFileType = sourcecode.swift; path = LandmarkList.swift; sourceTree = "<group>"; };
		4320AB2125B681DA00A8E214 /* LandmarkDetail.swift */ = {isa = PBXFileReference; lastKnownFileType = sourcecode.swift; path = LandmarkDetail.swift; sourceTree = "<group>"; };
		434047F92611C828001519F9 /* RedisFavoriteModel.swift */ = {isa = PBXFileReference; lastKnownFileType = sourcecode.swift; path = RedisFavoriteModel.swift; sourceTree = "<group>"; };
		4373C4FD25C2DEC8002B700E /* MButton.swift */ = {isa = PBXFileReference; lastKnownFileType = sourcecode.swift; path = MButton.swift; sourceTree = "<group>"; };
		4373C50025C2E75B002B700E /* BizError.swift */ = {isa = PBXFileReference; lastKnownFileType = sourcecode.swift; path = BizError.swift; sourceTree = "<group>"; };
		4373C50425C3F0B6002B700E /* UserDefaultsKeysEnum.swift */ = {isa = PBXFileReference; lastKnownFileType = sourcecode.swift; path = UserDefaultsKeysEnum.swift; sourceTree = "<group>"; };
		4373C50825C3F218002B700E /* RedisModel.swift */ = {isa = PBXFileReference; lastKnownFileType = sourcecode.swift; path = RedisModel.swift; sourceTree = "<group>"; };
		4373C50B25C3FC81002B700E /* LoginForm.swift */ = {isa = PBXFileReference; lastKnownFileType = sourcecode.swift; path = LoginForm.swift; sourceTree = "<group>"; };
		4385D32D261ED26200BA8ED1 /* IndexView.swift */ = {isa = PBXFileReference; lastKnownFileType = sourcecode.swift; path = IndexView.swift; sourceTree = "<group>"; };
		43DFEF3625C29288006EF535 /* FormItemInt.swift */ = {isa = PBXFileReference; lastKnownFileType = sourcecode.swift; path = FormItemInt.swift; sourceTree = "<group>"; };
		62CB3D712619AE050061E8C3 /* HomeView.swift */ = {isa = PBXFileReference; lastKnownFileType = sourcecode.swift; path = HomeView.swift; sourceTree = "<group>"; };
		62CB3D742619AEC20061E8C3 /* RedisKeysListView.swift */ = {isa = PBXFileReference; lastKnownFileType = sourcecode.swift; path = RedisKeysListView.swift; sourceTree = "<group>"; };
		62CB3D782619AEEB0061E8C3 /* RedisKeyRowView.swift */ = {isa = PBXFileReference; lastKnownFileType = sourcecode.swift; path = RedisKeyRowView.swift; sourceTree = "<group>"; };
		62CB3D7C2619AF990061E8C3 /* RedisKeyModel.swift */ = {isa = PBXFileReference; lastKnownFileType = sourcecode.swift; path = RedisKeyModel.swift; sourceTree = "<group>"; };
		62CB3D7F2619B09B0061E8C3 /* RedisKeyTypeEnum.swift */ = {isa = PBXFileReference; lastKnownFileType = sourcecode.swift; path = RedisKeyTypeEnum.swift; sourceTree = "<group>"; };
/* End PBXFileReference section */

/* Begin PBXFrameworksBuildPhase section */
		4320AAED25B6740900A8E214 /* Frameworks */ = {
			isa = PBXFrameworksBuildPhase;
			buildActionMask = 2147483647;
			files = (
				6262F4172619A27700C66E4D /* Logging in Frameworks */,
				6262F41B2619A7BF00C66E4D /* NIO in Frameworks */,
				62CB3D6C2619A80F0061E8C3 /* RedisTypes in Frameworks */,
				62CB3D6A2619A80F0061E8C3 /* RediStack in Frameworks */,
			);
			runOnlyForDeploymentPostprocessing = 0;
		};
/* End PBXFrameworksBuildPhase section */

/* Begin PBXGroup section */
		430A09E025C1557900B60DFC /* Components */ = {
			isa = PBXGroup;
			children = (
				430A09E125C1559400B60DFC /* FormLabel.swift */,
				430A09E525C155F800B60DFC /* FormItemText.swift */,
				43DFEF3625C29288006EF535 /* FormItemInt.swift */,
				4373C4FD25C2DEC8002B700E /* MButton.swift */,
				431266CB261C450300FB6B69 /* Tag.swift */,
				431266DD261D45C500FB6B69 /* MIcon.swift */,
				431266ED261D517500FB6B69 /* RedisKeyTypePicker.swift */,
			);
			path = Components;
			sourceTree = "<group>";
		};
		4320AAE725B6740900A8E214 = {
			isa = PBXGroup;
			children = (
				4320AAF225B6740900A8E214 /* redis-pro */,
				4320AAF125B6740900A8E214 /* Products */,
			);
			sourceTree = "<group>";
		};
		4320AAF125B6740900A8E214 /* Products */ = {
			isa = PBXGroup;
			children = (
				4320AAF025B6740900A8E214 /* redis-pro.app */,
			);
			name = Products;
			sourceTree = "<group>";
		};
		4320AAF225B6740900A8E214 /* redis-pro */ = {
			isa = PBXGroup;
			children = (
				434047F72611C1D5001519F9 /* Common */,
				4320AB1725B67E2C00A8E214 /* Model */,
				4320AB1625B67E2400A8E214 /* Views */,
				4320AB1525B67E1A00A8E214 /* Resources */,
				4320AAF325B6740900A8E214 /* redis_proApp.swift */,
				4320AAF725B6740A00A8E214 /* Assets.xcassets */,
				4320AAFC25B6740A00A8E214 /* Info.plist */,
				4320AAFD25B6740A00A8E214 /* redis_pro.entitlements */,
				4320AAF925B6740A00A8E214 /* Preview Content */,
				430A09CF25BE66E600B60DFC /* LandmarkCommands.swift */,
			);
			path = "redis-pro";
			sourceTree = "<group>";
		};
		4320AAF925B6740A00A8E214 /* Preview Content */ = {
			isa = PBXGroup;
			children = (
				4320AAFA25B6740A00A8E214 /* Preview Assets.xcassets */,
			);
			path = "Preview Content";
			sourceTree = "<group>";
		};
		4320AB1525B67E1A00A8E214 /* Resources */ = {
			isa = PBXGroup;
			children = (
				4320AB0A25B67D0100A8E214 /* landmarkData.json */,
			);
			path = Resources;
			sourceTree = "<group>";
		};
		4320AB1625B67E2400A8E214 /* Views */ = {
			isa = PBXGroup;
			children = (
				430A09E025C1557900B60DFC /* Components */,
				62CB3D6F2619ADB60061E8C3 /* Login */,
				4385D32D261ED26200BA8ED1 /* IndexView.swift */,
				62CB3D712619AE050061E8C3 /* HomeView.swift */,
				62CB3D742619AEC20061E8C3 /* RedisKeysListView.swift */,
				431266CE261C4E0900FB6B69 /* RedisKeySearchRowView.swift */,
				62CB3D782619AEEB0061E8C3 /* RedisKeyRowView.swift */,
				431266E4261D4E2700FB6B69 /* RedisValueView.swift */,
				431266F1261D89E600FB6B69 /* RedisValueEditView.swift */,
				431266F4261D912500FB6B69 /* StringEditView.swift */,
				431266E7261D4E4100FB6B69 /* RedisValueHeaderView.swift */,
				4320AB0425B67A1200A8E214 /* CircleImage.swift */,
				4320AAF525B6740900A8E214 /* ContentView.swift */,
				4320AB0725B67BB600A8E214 /* MapView.swift */,
				4320AB1A25B67E6800A8E214 /* LandmarkRow.swift */,
				4320AB1E25B6802E00A8E214 /* LandmarkList.swift */,
				4320AB2125B681DA00A8E214 /* LandmarkDetail.swift */,
			);
			path = Views;
			sourceTree = "<group>";
		};
		4320AB1725B67E2C00A8E214 /* Model */ = {
			isa = PBXGroup;
			children = (
				4320AB0D25B67D1C00A8E214 /* Landmark.swift */,
				4320AB1025B67DC800A8E214 /* ModelData.swift */,
				430A09DB25BEAD2700B60DFC /* RedisInsanceModel.swift */,
				4373C50825C3F218002B700E /* RedisModel.swift */,
				434047F92611C828001519F9 /* RedisFavoriteModel.swift */,
				62CB3D7C2619AF990061E8C3 /* RedisKeyModel.swift */,
				431266EA261D4EED00FB6B69 /* RedisKeyValueModel.swift */,
			);
			path = Model;
			sourceTree = "<group>";
		};
		434047F72611C1D5001519F9 /* Common */ = {
			isa = PBXGroup;
			children = (
				4373C50425C3F0B6002B700E /* UserDefaultsKeysEnum.swift */,
				62CB3D7F2619B09B0061E8C3 /* RedisKeyTypeEnum.swift */,
				431266D4261C5C9000FB6B69 /* ButtonTypeEnum.swift */,
				431266D7261C66E100FB6B69 /* MTheme.swift */,
				4373C50025C2E75B002B700E /* BizError.swift */,
			);
			path = Common;
			sourceTree = "<group>";
		};
		62CB3D6F2619ADB60061E8C3 /* Login */ = {
			isa = PBXGroup;
			children = (
				430A09D225BEA91700B60DFC /* LoginView.swift */,
				430A09D525BEA98300B60DFC /* RedisList.swift */,
				430A09D825BEA9A700B60DFC /* RedisRow.swift */,
				431266C72617080D00FB6B69 /* RedisQuickRow.swift */,
				4373C50B25C3FC81002B700E /* LoginForm.swift */,
			);
			path = Login;
			sourceTree = "<group>";
		};
/* End PBXGroup section */

/* Begin PBXNativeTarget section */
		4320AAEF25B6740900A8E214 /* redis-pro */ = {
			isa = PBXNativeTarget;
			buildConfigurationList = 4320AB0025B6740A00A8E214 /* Build configuration list for PBXNativeTarget "redis-pro" */;
			buildPhases = (
				4320AAEC25B6740900A8E214 /* Sources */,
				4320AAED25B6740900A8E214 /* Frameworks */,
				4320AAEE25B6740900A8E214 /* Resources */,
			);
			buildRules = (
			);
			dependencies = (
			);
			name = "redis-pro";
			packageProductDependencies = (
				6262F4162619A27700C66E4D /* Logging */,
				6262F41A2619A7BF00C66E4D /* NIO */,
				62CB3D692619A80F0061E8C3 /* RediStack */,
				62CB3D6B2619A80F0061E8C3 /* RedisTypes */,
			);
			productName = "redis-pro";
			productReference = 4320AAF025B6740900A8E214 /* redis-pro.app */;
			productType = "com.apple.product-type.application";
		};
/* End PBXNativeTarget section */

/* Begin PBXProject section */
		4320AAE825B6740900A8E214 /* Project object */ = {
			isa = PBXProject;
			attributes = {
				LastSwiftUpdateCheck = 1230;
				LastUpgradeCheck = 1240;
				TargetAttributes = {
					4320AAEF25B6740900A8E214 = {
						CreatedOnToolsVersion = 12.3;
					};
				};
			};
			buildConfigurationList = 4320AAEB25B6740900A8E214 /* Build configuration list for PBXProject "redis-pro" */;
			compatibilityVersion = "Xcode 12.0";
			developmentRegion = en;
			hasScannedForEncodings = 0;
			knownRegions = (
				en,
				Base,
			);
			mainGroup = 4320AAE725B6740900A8E214;
			packageReferences = (
				6262F4152619A27700C66E4D /* XCRemoteSwiftPackageReference "swift-log" */,
				6262F4192619A7BF00C66E4D /* XCRemoteSwiftPackageReference "swift-nio" */,
				62CB3D682619A80F0061E8C3 /* XCRemoteSwiftPackageReference "RediStack" */,
			);
			productRefGroup = 4320AAF125B6740900A8E214 /* Products */;
			projectDirPath = "";
			projectRoot = "";
			targets = (
				4320AAEF25B6740900A8E214 /* redis-pro */,
			);
		};
/* End PBXProject section */

/* Begin PBXResourcesBuildPhase section */
		4320AAEE25B6740900A8E214 /* Resources */ = {
			isa = PBXResourcesBuildPhase;
			buildActionMask = 2147483647;
			files = (
				4320AAFB25B6740A00A8E214 /* Preview Assets.xcassets in Resources */,
				4320AAF825B6740A00A8E214 /* Assets.xcassets in Resources */,
				4320AB0B25B67D0100A8E214 /* landmarkData.json in Resources */,
			);
			runOnlyForDeploymentPostprocessing = 0;
		};
/* End PBXResourcesBuildPhase section */

/* Begin PBXSourcesBuildPhase section */
		4320AAEC25B6740900A8E214 /* Sources */ = {
			isa = PBXSourcesBuildPhase;
			buildActionMask = 2147483647;
			files = (
				4373C50525C3F0B6002B700E /* UserDefaultsKeysEnum.swift in Sources */,
				4320AAF625B6740900A8E214 /* ContentView.swift in Sources */,
				431266D8261C66E100FB6B69 /* MTheme.swift in Sources */,
				431266C82617080D00FB6B69 /* RedisQuickRow.swift in Sources */,
				62CB3D722619AE050061E8C3 /* HomeView.swift in Sources */,
				431266E8261D4E4100FB6B69 /* RedisValueHeaderView.swift in Sources */,
				431266D5261C5C9000FB6B69 /* ButtonTypeEnum.swift in Sources */,
				431266EB261D4EED00FB6B69 /* RedisKeyValueModel.swift in Sources */,
				4320AB0825B67BB600A8E214 /* MapView.swift in Sources */,
				430A09D025BE66E600B60DFC /* LandmarkCommands.swift in Sources */,
				430A09D925BEA9A700B60DFC /* RedisRow.swift in Sources */,
				431266F2261D89E600FB6B69 /* RedisValueEditView.swift in Sources */,
				430A09D325BEA91700B60DFC /* LoginView.swift in Sources */,
				4385D32E261ED26200BA8ED1 /* IndexView.swift in Sources */,
				4320AAF425B6740900A8E214 /* redis_proApp.swift in Sources */,
				430A09DC25BEAD2700B60DFC /* RedisInsanceModel.swift in Sources */,
				431266F5261D912500FB6B69 /* StringEditView.swift in Sources */,
				431266CF261C4E0900FB6B69 /* RedisKeySearchRowView.swift in Sources */,
				4320AB1F25B6802E00A8E214 /* LandmarkList.swift in Sources */,
				62CB3D7D2619AF990061E8C3 /* RedisKeyModel.swift in Sources */,
				431266CC261C450300FB6B69 /* Tag.swift in Sources */,
				4373C50C25C3FC81002B700E /* LoginForm.swift in Sources */,
				430A09D625BEA98300B60DFC /* RedisList.swift in Sources */,
				431266E5261D4E2700FB6B69 /* RedisValueView.swift in Sources */,
				62CB3D752619AEC20061E8C3 /* RedisKeysListView.swift in Sources */,
				43DFEF3725C29288006EF535 /* FormItemInt.swift in Sources */,
				4320AB2225B681DA00A8E214 /* LandmarkDetail.swift in Sources */,
				4320AB0525B67A1200A8E214 /* CircleImage.swift in Sources */,
				4320AB0E25B67D1C00A8E214 /* Landmark.swift in Sources */,
				431266DE261D45C500FB6B69 /* MIcon.swift in Sources */,
				4320AB1B25B67E6800A8E214 /* LandmarkRow.swift in Sources */,
				430A09E225C1559400B60DFC /* FormLabel.swift in Sources */,
				434047FA2611C828001519F9 /* RedisFavoriteModel.swift in Sources */,
				4373C50925C3F218002B700E /* RedisModel.swift in Sources */,
				4373C50125C2E75B002B700E /* BizError.swift in Sources */,
				4320AB1125B67DC800A8E214 /* ModelData.swift in Sources */,
				431266EE261D517500FB6B69 /* RedisKeyTypePicker.swift in Sources */,
				62CB3D792619AEEB0061E8C3 /* RedisKeyRowView.swift in Sources */,
				62CB3D802619B09B0061E8C3 /* RedisKeyTypeEnum.swift in Sources */,
				4373C4FE25C2DEC8002B700E /* MButton.swift in Sources */,
				430A09E625C155F800B60DFC /* FormItemText.swift in Sources */,
			);
			runOnlyForDeploymentPostprocessing = 0;
		};
/* End PBXSourcesBuildPhase section */

/* Begin XCBuildConfiguration section */
		4320AAFE25B6740A00A8E214 /* Debug */ = {
			isa = XCBuildConfiguration;
			buildSettings = {
				ALWAYS_SEARCH_USER_PATHS = NO;
				CLANG_ANALYZER_NONNULL = YES;
				CLANG_ANALYZER_NUMBER_OBJECT_CONVERSION = YES_AGGRESSIVE;
				CLANG_CXX_LANGUAGE_STANDARD = "gnu++14";
				CLANG_CXX_LIBRARY = "libc++";
				CLANG_ENABLE_MODULES = YES;
				CLANG_ENABLE_OBJC_ARC = YES;
				CLANG_ENABLE_OBJC_WEAK = YES;
				CLANG_WARN_BLOCK_CAPTURE_AUTORELEASING = YES;
				CLANG_WARN_BOOL_CONVERSION = YES;
				CLANG_WARN_COMMA = YES;
				CLANG_WARN_CONSTANT_CONVERSION = YES;
				CLANG_WARN_DEPRECATED_OBJC_IMPLEMENTATIONS = YES;
				CLANG_WARN_DIRECT_OBJC_ISA_USAGE = YES_ERROR;
				CLANG_WARN_DOCUMENTATION_COMMENTS = YES;
				CLANG_WARN_EMPTY_BODY = YES;
				CLANG_WARN_ENUM_CONVERSION = YES;
				CLANG_WARN_INFINITE_RECURSION = YES;
				CLANG_WARN_INT_CONVERSION = YES;
				CLANG_WARN_NON_LITERAL_NULL_CONVERSION = YES;
				CLANG_WARN_OBJC_IMPLICIT_RETAIN_SELF = YES;
				CLANG_WARN_OBJC_LITERAL_CONVERSION = YES;
				CLANG_WARN_OBJC_ROOT_CLASS = YES_ERROR;
				CLANG_WARN_QUOTED_INCLUDE_IN_FRAMEWORK_HEADER = YES;
				CLANG_WARN_RANGE_LOOP_ANALYSIS = YES;
				CLANG_WARN_STRICT_PROTOTYPES = YES;
				CLANG_WARN_SUSPICIOUS_MOVE = YES;
				CLANG_WARN_UNGUARDED_AVAILABILITY = YES_AGGRESSIVE;
				CLANG_WARN_UNREACHABLE_CODE = YES;
				CLANG_WARN__DUPLICATE_METHOD_MATCH = YES;
				COPY_PHASE_STRIP = NO;
				DEBUG_INFORMATION_FORMAT = dwarf;
				ENABLE_STRICT_OBJC_MSGSEND = YES;
				ENABLE_TESTABILITY = YES;
				GCC_C_LANGUAGE_STANDARD = gnu11;
				GCC_DYNAMIC_NO_PIC = NO;
				GCC_NO_COMMON_BLOCKS = YES;
				GCC_OPTIMIZATION_LEVEL = 0;
				GCC_PREPROCESSOR_DEFINITIONS = (
					"DEBUG=1",
					"$(inherited)",
				);
				GCC_WARN_64_TO_32_BIT_CONVERSION = YES;
				GCC_WARN_ABOUT_RETURN_TYPE = YES_ERROR;
				GCC_WARN_UNDECLARED_SELECTOR = YES;
				GCC_WARN_UNINITIALIZED_AUTOS = YES_AGGRESSIVE;
				GCC_WARN_UNUSED_FUNCTION = YES;
				GCC_WARN_UNUSED_VARIABLE = YES;
				MACOSX_DEPLOYMENT_TARGET = 11.1;
				MTL_ENABLE_DEBUG_INFO = INCLUDE_SOURCE;
				MTL_FAST_MATH = YES;
				ONLY_ACTIVE_ARCH = YES;
				SDKROOT = macosx;
				SWIFT_ACTIVE_COMPILATION_CONDITIONS = DEBUG;
				SWIFT_OPTIMIZATION_LEVEL = "-Onone";
			};
			name = Debug;
		};
		4320AAFF25B6740A00A8E214 /* Release */ = {
			isa = XCBuildConfiguration;
			buildSettings = {
				ALWAYS_SEARCH_USER_PATHS = NO;
				CLANG_ANALYZER_NONNULL = YES;
				CLANG_ANALYZER_NUMBER_OBJECT_CONVERSION = YES_AGGRESSIVE;
				CLANG_CXX_LANGUAGE_STANDARD = "gnu++14";
				CLANG_CXX_LIBRARY = "libc++";
				CLANG_ENABLE_MODULES = YES;
				CLANG_ENABLE_OBJC_ARC = YES;
				CLANG_ENABLE_OBJC_WEAK = YES;
				CLANG_WARN_BLOCK_CAPTURE_AUTORELEASING = YES;
				CLANG_WARN_BOOL_CONVERSION = YES;
				CLANG_WARN_COMMA = YES;
				CLANG_WARN_CONSTANT_CONVERSION = YES;
				CLANG_WARN_DEPRECATED_OBJC_IMPLEMENTATIONS = YES;
				CLANG_WARN_DIRECT_OBJC_ISA_USAGE = YES_ERROR;
				CLANG_WARN_DOCUMENTATION_COMMENTS = YES;
				CLANG_WARN_EMPTY_BODY = YES;
				CLANG_WARN_ENUM_CONVERSION = YES;
				CLANG_WARN_INFINITE_RECURSION = YES;
				CLANG_WARN_INT_CONVERSION = YES;
				CLANG_WARN_NON_LITERAL_NULL_CONVERSION = YES;
				CLANG_WARN_OBJC_IMPLICIT_RETAIN_SELF = YES;
				CLANG_WARN_OBJC_LITERAL_CONVERSION = YES;
				CLANG_WARN_OBJC_ROOT_CLASS = YES_ERROR;
				CLANG_WARN_QUOTED_INCLUDE_IN_FRAMEWORK_HEADER = YES;
				CLANG_WARN_RANGE_LOOP_ANALYSIS = YES;
				CLANG_WARN_STRICT_PROTOTYPES = YES;
				CLANG_WARN_SUSPICIOUS_MOVE = YES;
				CLANG_WARN_UNGUARDED_AVAILABILITY = YES_AGGRESSIVE;
				CLANG_WARN_UNREACHABLE_CODE = YES;
				CLANG_WARN__DUPLICATE_METHOD_MATCH = YES;
				COPY_PHASE_STRIP = NO;
				DEBUG_INFORMATION_FORMAT = "dwarf-with-dsym";
				ENABLE_NS_ASSERTIONS = NO;
				ENABLE_STRICT_OBJC_MSGSEND = YES;
				GCC_C_LANGUAGE_STANDARD = gnu11;
				GCC_NO_COMMON_BLOCKS = YES;
				GCC_WARN_64_TO_32_BIT_CONVERSION = YES;
				GCC_WARN_ABOUT_RETURN_TYPE = YES_ERROR;
				GCC_WARN_UNDECLARED_SELECTOR = YES;
				GCC_WARN_UNINITIALIZED_AUTOS = YES_AGGRESSIVE;
				GCC_WARN_UNUSED_FUNCTION = YES;
				GCC_WARN_UNUSED_VARIABLE = YES;
				MACOSX_DEPLOYMENT_TARGET = 11.1;
				MTL_ENABLE_DEBUG_INFO = NO;
				MTL_FAST_MATH = YES;
				SDKROOT = macosx;
				SWIFT_COMPILATION_MODE = wholemodule;
				SWIFT_OPTIMIZATION_LEVEL = "-O";
			};
			name = Release;
		};
		4320AB0125B6740A00A8E214 /* Debug */ = {
			isa = XCBuildConfiguration;
			buildSettings = {
				ASSETCATALOG_COMPILER_APPICON_NAME = AppIcon;
				ASSETCATALOG_COMPILER_GLOBAL_ACCENT_COLOR_NAME = AccentColor;
				CODE_SIGN_ENTITLEMENTS = "redis-pro/redis_pro.entitlements";
				CODE_SIGN_IDENTITY = "-";
				CODE_SIGN_STYLE = Automatic;
				COMBINE_HIDPI_IMAGES = YES;
				DEVELOPMENT_ASSET_PATHS = "\"redis-pro/Preview Content\"";
				ENABLE_PREVIEWS = YES;
				INFOPLIST_FILE = "redis-pro/Info.plist";
				LD_RUNPATH_SEARCH_PATHS = (
					"$(inherited)",
					"@executable_path/../Frameworks",
				);
				MACOSX_DEPLOYMENT_TARGET = 11.0;
				PRODUCT_BUNDLE_IDENTIFIER = "com.cmushroom.redis-pro";
				PRODUCT_NAME = "$(TARGET_NAME)";
				SWIFT_VERSION = 5.0;
			};
			name = Debug;
		};
		4320AB0225B6740A00A8E214 /* Release */ = {
			isa = XCBuildConfiguration;
			buildSettings = {
				ASSETCATALOG_COMPILER_APPICON_NAME = AppIcon;
				ASSETCATALOG_COMPILER_GLOBAL_ACCENT_COLOR_NAME = AccentColor;
				CODE_SIGN_ENTITLEMENTS = "redis-pro/redis_pro.entitlements";
				CODE_SIGN_IDENTITY = "-";
				CODE_SIGN_STYLE = Automatic;
				COMBINE_HIDPI_IMAGES = YES;
				DEVELOPMENT_ASSET_PATHS = "\"redis-pro/Preview Content\"";
				ENABLE_PREVIEWS = YES;
				INFOPLIST_FILE = "redis-pro/Info.plist";
				LD_RUNPATH_SEARCH_PATHS = (
					"$(inherited)",
					"@executable_path/../Frameworks",
				);
				MACOSX_DEPLOYMENT_TARGET = 11.0;
				PRODUCT_BUNDLE_IDENTIFIER = "com.cmushroom.redis-pro";
				PRODUCT_NAME = "$(TARGET_NAME)";
				SWIFT_VERSION = 5.0;
			};
			name = Release;
		};
/* End XCBuildConfiguration section */

/* Begin XCConfigurationList section */
		4320AAEB25B6740900A8E214 /* Build configuration list for PBXProject "redis-pro" */ = {
			isa = XCConfigurationList;
			buildConfigurations = (
				4320AAFE25B6740A00A8E214 /* Debug */,
				4320AAFF25B6740A00A8E214 /* Release */,
			);
			defaultConfigurationIsVisible = 0;
			defaultConfigurationName = Release;
		};
		4320AB0025B6740A00A8E214 /* Build configuration list for PBXNativeTarget "redis-pro" */ = {
			isa = XCConfigurationList;
			buildConfigurations = (
				4320AB0125B6740A00A8E214 /* Debug */,
				4320AB0225B6740A00A8E214 /* Release */,
			);
			defaultConfigurationIsVisible = 0;
			defaultConfigurationName = Release;
		};
/* End XCConfigurationList section */

/* Begin XCRemoteSwiftPackageReference section */
		6262F4152619A27700C66E4D /* XCRemoteSwiftPackageReference "swift-log" */ = {
			isa = XCRemoteSwiftPackageReference;
			repositoryURL = "https://gitee.com/mirrors_apple/swift-log.git";
			requirement = {
				kind = upToNextMajorVersion;
				minimumVersion = 1.4.2;
			};
		};
		6262F4192619A7BF00C66E4D /* XCRemoteSwiftPackageReference "swift-nio" */ = {
			isa = XCRemoteSwiftPackageReference;
			repositoryURL = "https://gitee.com/mirrors_apple/swift-nio.git";
			requirement = {
				kind = upToNextMajorVersion;
				minimumVersion = 2.27.0;
			};
		};
		62CB3D682619A80F0061E8C3 /* XCRemoteSwiftPackageReference "RediStack" */ = {
			isa = XCRemoteSwiftPackageReference;
			repositoryURL = "https://gitee.com/chengpan168_admin/RediStack.git";
			requirement = {
				kind = upToNextMajorVersion;
				minimumVersion = 1.1.0;
			};
		};
/* End XCRemoteSwiftPackageReference section */

/* Begin XCSwiftPackageProductDependency section */
		6262F4162619A27700C66E4D /* Logging */ = {
			isa = XCSwiftPackageProductDependency;
			package = 6262F4152619A27700C66E4D /* XCRemoteSwiftPackageReference "swift-log" */;
			productName = Logging;
		};
		6262F41A2619A7BF00C66E4D /* NIO */ = {
			isa = XCSwiftPackageProductDependency;
			package = 6262F4192619A7BF00C66E4D /* XCRemoteSwiftPackageReference "swift-nio" */;
			productName = NIO;
		};
		62CB3D692619A80F0061E8C3 /* RediStack */ = {
			isa = XCSwiftPackageProductDependency;
			package = 62CB3D682619A80F0061E8C3 /* XCRemoteSwiftPackageReference "RediStack" */;
			productName = RediStack;
		};
		62CB3D6B2619A80F0061E8C3 /* RedisTypes */ = {
			isa = XCSwiftPackageProductDependency;
			package = 62CB3D682619A80F0061E8C3 /* XCRemoteSwiftPackageReference "RediStack" */;
			productName = RedisTypes;
		};
/* End XCSwiftPackageProductDependency section */
	};
	rootObject = 4320AAE825B6740900A8E214 /* Project object */;
}
