{
  "pins" : [
    {
      "identity" : "appcenter-sdk-apple",
      "kind" : "remoteSourceControl",
      "location" : "https://github.com/microsoft/appcenter-sdk-apple.git",
      "state" : {
        "revision" : "5756ddb0f09041e91bdb3b73c17296ac005ad11a",
        "version" : "5.0.3"
      }
    },
    {
      "identity" : "combine-schedulers",
      "kind" : "remoteSourceControl",
      "location" : "https://github.com/pointfreeco/combine-schedulers",
      "state" : {
        "revision" : "9dc9cbe4bc45c65164fa653a563d8d8db61b09bb",
        "version" : "1.0.0"
      }
    },
    {
      "identity" : "plcrashreporter",
      "kind" : "remoteSourceControl",
      "location" : "https://github.com/microsoft/PLCrashReporter.git",
      "state" : {
        "revision" : "b1a342da19ed9b3af61ea2efa7656c2af30aeb7c",
        "version" : "1.11.0"
      }
    },
    {
      "identity" : "puppy",
      "kind" : "remoteSourceControl",
      "location" : "https://github.com/sushichop/Puppy.git",
      "state" : {
        "revision" : "b5af02a72a5a1f92a68e6eceee19cac804067ad9",
        "version" : "0.7.0"
      }
    },
    {
      "identity" : "redistack",
      "kind" : "remoteSourceControl",
      "location" : "https://github.com/chengpan168/RediStack",
      "state" : {
        "branch" : "feat/user",
        "revision" : "07a005e97530334efec8ed4b5c96a91e2b45c3f5"
      }
    },
    {
      "identity" : "swift-atomics",
      "kind" : "remoteSourceControl",
      "location" : "https://github.com/apple/swift-atomics",
      "state" : {
        "revision" : "6c89474e62719ddcc1e9614989fff2f68208fe10",
        "version" : "1.1.0"
      }
    },
    {
      "identity" : "swift-case-paths",
      "kind" : "remoteSourceControl",
      "location" : "https://github.com/pointfreeco/swift-case-paths",
      "state" : {
        "revision" : "a5521dde99570789d8cb7c43e51418d7cd1a87ca",
        "version" : "1.1.2"
      }
    },
    {
      "identity" : "swift-clocks",
      "kind" : "remoteSourceControl",
      "location" : "https://github.com/pointfreeco/swift-clocks",
      "state" : {
        "revision" : "d1fd837326aa719bee979bdde1f53cd5797443eb",
        "version" : "1.0.0"
      }
    },
    {
      "identity" : "swift-collections",
      "kind" : "remoteSourceControl",
      "location" : "https://github.com/apple/swift-collections",
      "state" : {
        "revision" : "48254824bb4248676bf7ce56014ff57b142b77eb",
        "version" : "1.0.2"
      }
    },
    {
      "identity" : "swift-composable-architecture",
      "kind" : "remoteSourceControl",
      "location" : "https://github.com/pointfreeco/swift-composable-architecture",
      "state" : {
        "revision" : "f815e76b520aacfad4ff35c7e1f036f8add6f4b4",
        "version" : "1.7.3"
      }
    },
    {
      "identity" : "swift-concurrency-extras",
      "kind" : "remoteSourceControl",
      "location" : "https://github.com/pointfreeco/swift-concurrency-extras",
      "state" : {
        "revision" : "bb5059bde9022d69ac516803f4f227d8ac967f71",
        "version" : "1.1.0"
      }
    },
    {
      "identity" : "swift-crypto",
      "kind" : "remoteSourceControl",
      "location" : "https://github.com/apple/swift-crypto.git",
      "state" : {
        "revision" : "a8911e0fadc25aef1071d582355bd1037a176060",
        "version" : "2.0.4"
      }
    },
    {
      "identity" : "swift-custom-dump",
      "kind" : "remoteSourceControl",
      "location" : "https://github.com/pointfreeco/swift-custom-dump",
      "state" : {
        "revision" : "edd66cace818e1b1c6f1b3349bb1d8e00d6f8b01",
        "version" : "1.0.0"
      }
    },
    {
      "identity" : "swift-dependencies",
      "kind" : "remoteSourceControl",
      "location" : "https://github.com/pointfreeco/swift-dependencies",
      "state" : {
        "revision" : "9783b58167f7618cb86011156e741cbc6f4cc864",
        "version" : "1.1.2"
      }
    },
    {
      "identity" : "swift-identified-collections",
      "kind" : "remoteSourceControl",
      "location" : "https://github.com/pointfreeco/swift-identified-collections",
      "state" : {
        "revision" : "d1e45f3e1eee2c9193f5369fa9d70a6ddad635e8",
        "version" : "1.0.0"
      }
    },
    {
      "identity" : "swift-log",
      "kind" : "remoteSourceControl",
      "location" : "https://github.com/apple/swift-log.git",
      "state" : {
        "revision" : "32e8d724467f8fe623624570367e3d50c5638e46",
        "version" : "1.5.2"
      }
    },
    {
      "identity" : "swift-metrics",
      "kind" : "remoteSourceControl",
      "location" : "https://github.com/apple/swift-metrics.git",
      "state" : {
        "revision" : "971ba26378ab69c43737ee7ba967a896cb74c0d1",
        "version" : "2.4.1"
      }
    },
    {
      "identity" : "swift-nio",
      "kind" : "remoteSourceControl",
      "location" : "https://github.com/apple/swift-nio.git",
      "state" : {
        "revision" : "702cd7c56d5d44eeba73fdf83918339b26dc855c",
        "version" : "2.62.0"
      }
    },
    {
      "identity" : "swift-nio-ssh",
      "kind" : "remoteSourceControl",
      "location" : "https://github.com/apple/swift-nio-ssh",
      "state" : {
        "revision" : "ded5e5ce4ef1b2c29933088651fa66c89e2175d2",
        "version" : "0.8.0"
      }
    },
    {
      "identity" : "swift-perception",
      "kind" : "remoteSourceControl",
      "location" : "https://github.com/pointfreeco/swift-perception",
      "state" : {
        "revision" : "42240120b2a8797595433288ab4118f8042214c3",
        "version" : "1.1.1"
      }
    },
    {
      "identity" : "swift-service-discovery",
      "kind" : "remoteSourceControl",
      "location" : "https://github.com/apple/swift-service-discovery",
      "state" : {
        "revision" : "5c88b88dd40446740e86ba809453bc39f7904fa7",
        "version" : "1.2.1"
      }
    },
    {
      "identity" : "swift-syntax",
      "kind" : "remoteSourceControl",
      "location" : "https://github.com/apple/swift-syntax",
      "state" : {
        "revision" : "6ad4ea24b01559dde0773e3d091f1b9e36175036",
        "version" : "509.0.2"
      }
    },
    {
      "identity" : "swiftjsonformatter",
      "kind" : "remoteSourceControl",
      "location" : "https://github.com/luin/SwiftJSONFormatter",
      "state" : {
        "revision" : "320e944bb2b54bf6946d5226b4fbb9ae907725af",
        "version" : "2.0.0"
      }
    },
    {
      "identity" : "swiftui-navigation",
      "kind" : "remoteSourceControl",
      "location" : "https://github.com/pointfreeco/swiftui-navigation",
      "state" : {
        "revision" : "78f9d72cf667adb47e2040aa373185c88c63f0dc",
        "version" : "1.2.0"
      }
    },
    {
      "identity" : "xctest-dynamic-overlay",
      "kind" : "remoteSourceControl",
      "location" : "https://github.com/pointfreeco/xctest-dynamic-overlay",
      "state" : {
        "revision" : "b58e6627149808b40634c4552fcf2f44d0b3ca87",
        "version" : "1.1.0"
      }
    }
  ],
  "version" : 2
}
