{
  "object": {
    "pins": [
      {
        "package": "AppCenter",
        "repositoryURL": "https://gitee.com/chengpan168_admin/appcenter-sdk-apple.git",
        "state": {
          "branch": null,
          "revision": "25f64229373de97ff3920941cd52203193e5d8be",
          "version": "4.3.0"
        }
      },
      {
        "package": "PLCrashReporter",
        "repositoryURL": "https://github.com/microsoft/PLCrashReporter.git",
        "state": {
          "branch": null,
          "revision": "6b27393cad517c067dceea85fadf050e70c4ceaa",
          "version": "1.10.1"
        }
      },
      {
        "package": "PromiseKit",
        "repositoryURL": "https://github.com/mxcl/PromiseKit.git",
        "state": {
          "branch": null,
          "revision": "93c8d41ce96ed78f36c3948be396d76f3ca3de1b",
          "version": "6.16.2"
        }
      },
      {
        "package": "Puppy",
        "repositoryURL": "https://gitee.com/chengpan168_admin/Puppy.git",
        "state": {
          "branch": null,
          "revision": "95ce04b0e778b8d7c351876bc98bbf68328dfc9b",
          "version": "0.3.1"
        }
      },
      {
        "package": "RediStack",
        "repositoryURL": "https://github.com/Mordil/RediStack.git",
        "state": {
          "branch": null,
          "revision": "0c3beee7eb7704e50e81d4a89740101b87d02833",
          "version": "1.2.0"
        }
      },
      {
        "package": "swift-atomics",
        "repositoryURL": "https://github.com/apple/swift-atomics",
        "state": {
          "branch": null,
          "revision": "919eb1d83e02121cdb434c7bfc1f0c66ef17febe",
          "version": "1.0.2"
        }
      },
      {
        "package": "swift-crypto",
        "repositoryURL": "https://gitee.com/mirrors_apple/swift-crypto.git",
        "state": {
          "branch": null,
          "revision": "3bea268b223651c4ab7b7b9ad62ef9b2d4143eb6",
          "version": "1.1.6"
        }
      },
      {
        "package": "swift-log",
        "repositoryURL": "https://github.com/apple/swift-log.git",
        "state": {
          "branch": null,
          "revision": "5d66f7ba25daf4f94100e7022febf3c75e37a6c7",
          "version": "1.4.2"
        }
      },
      {
        "package": "swift-metrics",
        "repositoryURL": "https://gitee.com/mirrors_apple/swift-metrics.git",
        "state": {
          "branch": null,
          "revision": "3edd2f57afc4e68e23c3e4956bc8b65ca6b5b2ff",
          "version": "2.2.0"
        }
      },
      {
        "package": "swift-nio",
        "repositoryURL": "https://github.com/apple/swift-nio.git",
        "state": {
          "branch": null,
          "revision": "37e7a33de45bac894c0b08b56a2f755ebe4884e6",
          "version": "2.35.0"
        }
      },
      {
        "package": "swift-nio-ssh",
        "repositoryURL": "https://gitee.com/mirrors_apple/swift-nio-ssh.git",
        "state": {
          "branch": null,
          "revision": "09778e0388bda898c7592887f2ec84bb81ef21eb",
          "version": "0.3.3"
        }
      },
      {
        "package": "swift-service-discovery",
        "repositoryURL": "https://gitee.com/mirrors_apple/swift-service-discovery.git",
        "state": {
          "branch": null,
          "revision": "c83afedb1c95ef0111907cd6e2fd03d7175cc0d0",
          "version": "1.2.0"
        }
      },
      {
        "package": "SwiftyJSON",
        "repositoryURL": "https://gitee.com/chengpan168_admin/SwiftyJSON.git",
        "state": {
          "branch": null,
          "revision": "b3dcd7dbd0d488e1a7077cb33b00f2083e382f07",
          "version": "5.0.1"
        }
      }
    ]
  },
  "version": 1
}
